// !$*UTF8*$!
{
	archiveVersion = 1;
	classes = {
	};
	objectVersion = 46;
	objects = {

/* Begin PBXBuildFile section */
		A30DE987161D63E2001B8934 /* NSArray+SITools.m in Sources */ = {isa = PBXBuildFile; fileRef = A30DE984161D63E2001B8934 /* NSArray+SITools.m */; };
		A30DE988161D63E2001B8934 /* UIImage+SITools.m in Sources */ = {isa = PBXBuildFile; fileRef = A30DE986161D63E2001B8934 /* UIImage+SITools.m */; };
		A30DE98B161D63F0001B8934 /* QuartzCore.framework in Frameworks */ = {isa = PBXBuildFile; fileRef = A30DE98A161D63F0001B8934 /* QuartzCore.framework */; };
		A35F22831654EA3D008195F2 /* Default-568h@2x.png in Resources */ = {isa = PBXBuildFile; fileRef = A35F22821654EA3D008195F2 /* Default-568h@2x.png */; };
		A387840A154955A500E16091 /* UIKit.framework in Frameworks */ = {isa = PBXBuildFile; fileRef = A3878409154955A500E16091 /* UIKit.framework */; };
		A387840C154955A500E16091 /* Foundation.framework in Frameworks */ = {isa = PBXBuildFile; fileRef = A387840B154955A500E16091 /* Foundation.framework */; };
		A387840E154955A500E16091 /* CoreGraphics.framework in Frameworks */ = {isa = PBXBuildFile; fileRef = A387840D154955A500E16091 /* CoreGraphics.framework */; };
		A3878414154955A500E16091 /* InfoPlist.strings in Resources */ = {isa = PBXBuildFile; fileRef = A3878412154955A500E16091 /* InfoPlist.strings */; };
		A3878416154955A500E16091 /* main.m in Sources */ = {isa = PBXBuildFile; fileRef = A3878415154955A500E16091 /* main.m */; };
		A387841A154955A600E16091 /* SIAppDelegate.m in Sources */ = {isa = PBXBuildFile; fileRef = A3878419154955A500E16091 /* SIAppDelegate.m */; };
		A387841D154955A600E16091 /* MainStoryboard.storyboard in Resources */ = {isa = PBXBuildFile; fileRef = A387841B154955A600E16091 /* MainStoryboard.storyboard */; };
		A3878420154955A600E16091 /* SIViewController.m in Sources */ = {isa = PBXBuildFile; fileRef = A387841F154955A600E16091 /* SIViewController.m */; };
		A3878448154988D800E16091 /* SIDateStringViewController.m in Sources */ = {isa = PBXBuildFile; fileRef = A3878447154988D800E16091 /* SIDateStringViewController.m */; };
		A39ABE5815E796E300BD241D /* TestClass.m in Sources */ = {isa = PBXBuildFile; fileRef = A39ABE5615E796E300BD241D /* TestClass.m */; };
		A3CB985E16142C9D005DDA9C /* SIDescriptionBuilder.m in Sources */ = {isa = PBXBuildFile; fileRef = A3CB984616142C95005DDA9C /* SIDescriptionBuilder.m */; };
		A3CB985F16142C9D005DDA9C /* SILog.m in Sources */ = {isa = PBXBuildFile; fileRef = A3CB984816142C95005DDA9C /* SILog.m */; };
		A3CB986016142C9D005DDA9C /* NSDate+SITools.m in Sources */ = {isa = PBXBuildFile; fileRef = A3CB984B16142C9D005DDA9C /* NSDate+SITools.m */; };
		A3CB986116142C9D005DDA9C /* NSObject+SITools.m in Sources */ = {isa = PBXBuildFile; fileRef = A3CB984D16142C9D005DDA9C /* NSObject+SITools.m */; };
		A3CB986216142C9D005DDA9C /* NSString+SIHalfwidth.m in Sources */ = {isa = PBXBuildFile; fileRef = A3CB984F16142C9D005DDA9C /* NSString+SIHalfwidth.m */; };
		A3CB986316142C9D005DDA9C /* NSString+SITools.m in Sources */ = {isa = PBXBuildFile; fileRef = A3CB985116142C9D005DDA9C /* NSString+SITools.m */; };
		A3CB986416142C9D005DDA9C /* SIAlertView.m in Sources */ = {isa = PBXBuildFile; fileRef = A3CB985316142C9D005DDA9C /* SIAlertView.m */; };
		A3CB986616142C9D005DDA9C /* SIGeometry.m in Sources */ = {isa = PBXBuildFile; fileRef = A3CB985716142C9D005DDA9C /* SIGeometry.m */; };
		A3CB986716142C9D005DDA9C /* SIHash.m in Sources */ = {isa = PBXBuildFile; fileRef = A3CB985916142C9D005DDA9C /* SIHash.m */; };
		A3CB986816142C9D005DDA9C /* SIKeyboardAdjuster.m in Sources */ = {isa = PBXBuildFile; fileRef = A3CB985B16142C9D005DDA9C /* SIKeyboardAdjuster.m */; };
		A3CB986916142C9D005DDA9C /* SIPathTools.m in Sources */ = {isa = PBXBuildFile; fileRef = A3CB985D16142C9D005DDA9C /* SIPathTools.m */; };
		A3CB988416142D69005DDA9C /* Reachability.m in Sources */ = {isa = PBXBuildFile; fileRef = A3CB987016142D69005DDA9C /* Reachability.m */; settings = {COMPILER_FLAGS = "-fno-objc-arc"; }; };
		A3CB988516142D69005DDA9C /* SIFileCache.m in Sources */ = {isa = PBXBuildFile; fileRef = A3CB987316142D69005DDA9C /* SIFileCache.m */; };
		A3CB988616142D69005DDA9C /* SIImageButton.m in Sources */ = {isa = PBXBuildFile; fileRef = A3CB987516142D69005DDA9C /* SIImageButton.m */; };
		A3CB988716142D69005DDA9C /* SIImageCache.m in Sources */ = {isa = PBXBuildFile; fileRef = A3CB987716142D69005DDA9C /* SIImageCache.m */; };
		A3CB988816142D69005DDA9C /* SIImageView.m in Sources */ = {isa = PBXBuildFile; fileRef = A3CB987916142D69005DDA9C /* SIImageView.m */; };
		A3CB988916142D69005DDA9C /* SIConnectionOperation.m in Sources */ = {isa = PBXBuildFile; fileRef = A3CB987C16142D69005DDA9C /* SIConnectionOperation.m */; };
		A3CB988A16142D69005DDA9C /* SIBaseOperation.m in Sources */ = {isa = PBXBuildFile; fileRef = A3CB987F16142D69005DDA9C /* SIBaseOperation.m */; };
		A3CB988B16142D69005DDA9C /* SIBlockOperation.m in Sources */ = {isa = PBXBuildFile; fileRef = A3CB988116142D69005DDA9C /* SIBlockOperation.m */; };
		A3CB988C16142D69005DDA9C /* SIOperationQueue.m in Sources */ = {isa = PBXBuildFile; fileRef = A3CB988316142D69005DDA9C /* SIOperationQueue.m */; };
		A3CB988F16142D8F005DDA9C /* SystemConfiguration.framework in Frameworks */ = {isa = PBXBuildFile; fileRef = A3CB988E16142D8F005DDA9C /* SystemConfiguration.framework */; };
		A3CB989216142E17005DDA9C /* NSURL+SITools.m in Sources */ = {isa = PBXBuildFile; fileRef = A3CB989116142E17005DDA9C /* NSURL+SITools.m */; };
/* End PBXBuildFile section */

/* Begin PBXFileReference section */
		A30DE983161D63E2001B8934 /* NSArray+SITools.h */ = {isa = PBXFileReference; fileEncoding = 4; lastKnownFileType = sourcecode.c.h; path = "NSArray+SITools.h"; sourceTree = "<group>"; };
		A30DE984161D63E2001B8934 /* NSArray+SITools.m */ = {isa = PBXFileReference; fileEncoding = 4; lastKnownFileType = sourcecode.c.objc; path = "NSArray+SITools.m"; sourceTree = "<group>"; };
		A30DE985161D63E2001B8934 /* UIImage+SITools.h */ = {isa = PBXFileReference; fileEncoding = 4; lastKnownFileType = sourcecode.c.h; path = "UIImage+SITools.h"; sourceTree = "<group>"; };
		A30DE986161D63E2001B8934 /* UIImage+SITools.m */ = {isa = PBXFileReference; fileEncoding = 4; lastKnownFileType = sourcecode.c.objc; path = "UIImage+SITools.m"; sourceTree = "<group>"; };
		A30DE98A161D63F0001B8934 /* QuartzCore.framework */ = {isa = PBXFileReference; lastKnownFileType = wrapper.framework; name = QuartzCore.framework; path = System/Library/Frameworks/QuartzCore.framework; sourceTree = SDKROOT; };
		A35F22821654EA3D008195F2 /* Default-568h@2x.png */ = {isa = PBXFileReference; lastKnownFileType = image.png; name = "Default-568h@2x.png"; path = "../Default-568h@2x.png"; sourceTree = "<group>"; };
		A3878405154955A500E16091 /* SITools.app */ = {isa = PBXFileReference; explicitFileType = wrapper.application; includeInIndex = 0; path = SITools.app; sourceTree = BUILT_PRODUCTS_DIR; };
		A3878409154955A500E16091 /* UIKit.framework */ = {isa = PBXFileReference; lastKnownFileType = wrapper.framework; name = UIKit.framework; path = System/Library/Frameworks/UIKit.framework; sourceTree = SDKROOT; };
		A387840B154955A500E16091 /* Foundation.framework */ = {isa = PBXFileReference; lastKnownFileType = wrapper.framework; name = Foundation.framework; path = System/Library/Frameworks/Foundation.framework; sourceTree = SDKROOT; };
		A387840D154955A500E16091 /* CoreGraphics.framework */ = {isa = PBXFileReference; lastKnownFileType = wrapper.framework; name = CoreGraphics.framework; path = System/Library/Frameworks/CoreGraphics.framework; sourceTree = SDKROOT; };
		A3878411154955A500E16091 /* SITools-Info.plist */ = {isa = PBXFileReference; lastKnownFileType = text.plist.xml; path = "SITools-Info.plist"; sourceTree = "<group>"; };
		A3878413154955A500E16091 /* en */ = {isa = PBXFileReference; lastKnownFileType = text.plist.strings; name = en; path = en.lproj/InfoPlist.strings; sourceTree = "<group>"; };
		A3878415154955A500E16091 /* main.m */ = {isa = PBXFileReference; lastKnownFileType = sourcecode.c.objc; path = main.m; sourceTree = "<group>"; };
		A3878417154955A500E16091 /* SITools-Prefix.pch */ = {isa = PBXFileReference; lastKnownFileType = sourcecode.c.h; path = "SITools-Prefix.pch"; sourceTree = "<group>"; };
		A3878418154955A500E16091 /* SIAppDelegate.h */ = {isa = PBXFileReference; lastKnownFileType = sourcecode.c.h; path = SIAppDelegate.h; sourceTree = "<group>"; };
		A3878419154955A500E16091 /* SIAppDelegate.m */ = {isa = PBXFileReference; lastKnownFileType = sourcecode.c.objc; path = SIAppDelegate.m; sourceTree = "<group>"; };
		A387841C154955A600E16091 /* en */ = {isa = PBXFileReference; lastKnownFileType = file.storyboard; name = en; path = en.lproj/MainStoryboard.storyboard; sourceTree = "<group>"; };
		A387841E154955A600E16091 /* SIViewController.h */ = {isa = PBXFileReference; lastKnownFileType = sourcecode.c.h; path = SIViewController.h; sourceTree = "<group>"; };
		A387841F154955A600E16091 /* SIViewController.m */ = {isa = PBXFileReference; lastKnownFileType = sourcecode.c.objc; path = SIViewController.m; sourceTree = "<group>"; };
		A3878446154988D800E16091 /* SIDateStringViewController.h */ = {isa = PBXFileReference; fileEncoding = 4; lastKnownFileType = sourcecode.c.h; path = SIDateStringViewController.h; sourceTree = "<group>"; };
		A3878447154988D800E16091 /* SIDateStringViewController.m */ = {isa = PBXFileReference; fileEncoding = 4; lastKnownFileType = sourcecode.c.objc; path = SIDateStringViewController.m; sourceTree = "<group>"; };
		A39ABE5515E796E300BD241D /* TestClass.h */ = {isa = PBXFileReference; fileEncoding = 4; lastKnownFileType = sourcecode.c.h; path = TestClass.h; sourceTree = "<group>"; };
		A39ABE5615E796E300BD241D /* TestClass.m */ = {isa = PBXFileReference; fileEncoding = 4; lastKnownFileType = sourcecode.c.objc; path = TestClass.m; sourceTree = "<group>"; };
		A3CB984516142C95005DDA9C /* SIDescriptionBuilder.h */ = {isa = PBXFileReference; fileEncoding = 4; lastKnownFileType = sourcecode.c.h; path = SIDescriptionBuilder.h; sourceTree = "<group>"; };
		A3CB984616142C95005DDA9C /* SIDescriptionBuilder.m */ = {isa = PBXFileReference; fileEncoding = 4; lastKnownFileType = sourcecode.c.objc; path = SIDescriptionBuilder.m; sourceTree = "<group>"; };
		A3CB984716142C95005DDA9C /* SILog.h */ = {isa = PBXFileReference; fileEncoding = 4; lastKnownFileType = sourcecode.c.h; path = SILog.h; sourceTree = "<group>"; };
		A3CB984816142C95005DDA9C /* SILog.m */ = {isa = PBXFileReference; fileEncoding = 4; lastKnownFileType = sourcecode.c.objc; path = SILog.m; sourceTree = "<group>"; };
		A3CB984A16142C9D005DDA9C /* NSDate+SITools.h */ = {isa = PBXFileReference; fileEncoding = 4; lastKnownFileType = sourcecode.c.h; path = "NSDate+SITools.h"; sourceTree = "<group>"; };
		A3CB984B16142C9D005DDA9C /* NSDate+SITools.m */ = {isa = PBXFileReference; fileEncoding = 4; lastKnownFileType = sourcecode.c.objc; path = "NSDate+SITools.m"; sourceTree = "<group>"; };
		A3CB984C16142C9D005DDA9C /* NSObject+SITools.h */ = {isa = PBXFileReference; fileEncoding = 4; lastKnownFileType = sourcecode.c.h; path = "NSObject+SITools.h"; sourceTree = "<group>"; };
		A3CB984D16142C9D005DDA9C /* NSObject+SITools.m */ = {isa = PBXFileReference; fileEncoding = 4; lastKnownFileType = sourcecode.c.objc; path = "NSObject+SITools.m"; sourceTree = "<group>"; };
		A3CB984E16142C9D005DDA9C /* NSString+SIHalfwidth.h */ = {isa = PBXFileReference; fileEncoding = 4; lastKnownFileType = sourcecode.c.h; path = "NSString+SIHalfwidth.h"; sourceTree = "<group>"; };
		A3CB984F16142C9D005DDA9C /* NSString+SIHalfwidth.m */ = {isa = PBXFileReference; fileEncoding = 4; lastKnownFileType = sourcecode.c.objc; path = "NSString+SIHalfwidth.m"; sourceTree = "<group>"; };
		A3CB985016142C9D005DDA9C /* NSString+SITools.h */ = {isa = PBXFileReference; fileEncoding = 4; lastKnownFileType = sourcecode.c.h; path = "NSString+SITools.h"; sourceTree = "<group>"; };
		A3CB985116142C9D005DDA9C /* NSString+SITools.m */ = {isa = PBXFileReference; fileEncoding = 4; lastKnownFileType = sourcecode.c.objc; path = "NSString+SITools.m"; sourceTree = "<group>"; };
		A3CB985216142C9D005DDA9C /* SIAlertView.h */ = {isa = PBXFileReference; fileEncoding = 4; lastKnownFileType = sourcecode.c.h; path = SIAlertView.h; sourceTree = "<group>"; };
		A3CB985316142C9D005DDA9C /* SIAlertView.m */ = {isa = PBXFileReference; fileEncoding = 4; lastKnownFileType = sourcecode.c.objc; path = SIAlertView.m; sourceTree = "<group>"; };
		A3CB985616142C9D005DDA9C /* SIGeometry.h */ = {isa = PBXFileReference; fileEncoding = 4; lastKnownFileType = sourcecode.c.h; path = SIGeometry.h; sourceTree = "<group>"; };
		A3CB985716142C9D005DDA9C /* SIGeometry.m */ = {isa = PBXFileReference; fileEncoding = 4; lastKnownFileType = sourcecode.c.objc; path = SIGeometry.m; sourceTree = "<group>"; };
		A3CB985816142C9D005DDA9C /* SIHash.h */ = {isa = PBXFileReference; fileEncoding = 4; lastKnownFileType = sourcecode.c.h; path = SIHash.h; sourceTree = "<group>"; };
		A3CB985916142C9D005DDA9C /* SIHash.m */ = {isa = PBXFileReference; fileEncoding = 4; lastKnownFileType = sourcecode.c.objc; path = SIHash.m; sourceTree = "<group>"; };
		A3CB985A16142C9D005DDA9C /* SIKeyboardAdjuster.h */ = {isa = PBXFileReference; fileEncoding = 4; lastKnownFileType = sourcecode.c.h; path = SIKeyboardAdjuster.h; sourceTree = "<group>"; };
		A3CB985B16142C9D005DDA9C /* SIKeyboardAdjuster.m */ = {isa = PBXFileReference; fileEncoding = 4; lastKnownFileType = sourcecode.c.objc; path = SIKeyboardAdjuster.m; sourceTree = "<group>"; };
		A3CB985C16142C9D005DDA9C /* SIPathTools.h */ = {isa = PBXFileReference; fileEncoding = 4; lastKnownFileType = sourcecode.c.h; path = SIPathTools.h; sourceTree = "<group>"; };
		A3CB985D16142C9D005DDA9C /* SIPathTools.m */ = {isa = PBXFileReference; fileEncoding = 4; lastKnownFileType = sourcecode.c.objc; path = SIPathTools.m; sourceTree = "<group>"; };
		A3CB986F16142D69005DDA9C /* Reachability.h */ = {isa = PBXFileReference; fileEncoding = 4; lastKnownFileType = sourcecode.c.h; path = Reachability.h; sourceTree = "<group>"; };
		A3CB987016142D69005DDA9C /* Reachability.m */ = {isa = PBXFileReference; fileEncoding = 4; lastKnownFileType = sourcecode.c.objc; path = Reachability.m; sourceTree = "<group>"; };
		A3CB987216142D69005DDA9C /* SIFileCache.h */ = {isa = PBXFileReference; fileEncoding = 4; lastKnownFileType = sourcecode.c.h; path = SIFileCache.h; sourceTree = "<group>"; };
		A3CB987316142D69005DDA9C /* SIFileCache.m */ = {isa = PBXFileReference; fileEncoding = 4; lastKnownFileType = sourcecode.c.objc; path = SIFileCache.m; sourceTree = "<group>"; };
		A3CB987416142D69005DDA9C /* SIImageButton.h */ = {isa = PBXFileReference; fileEncoding = 4; lastKnownFileType = sourcecode.c.h; path = SIImageButton.h; sourceTree = "<group>"; };
		A3CB987516142D69005DDA9C /* SIImageButton.m */ = {isa = PBXFileReference; fileEncoding = 4; lastKnownFileType = sourcecode.c.objc; path = SIImageButton.m; sourceTree = "<group>"; };
		A3CB987616142D69005DDA9C /* SIImageCache.h */ = {isa = PBXFileReference; fileEncoding = 4; lastKnownFileType = sourcecode.c.h; path = SIImageCache.h; sourceTree = "<group>"; };
		A3CB987716142D69005DDA9C /* SIImageCache.m */ = {isa = PBXFileReference; fileEncoding = 4; lastKnownFileType = sourcecode.c.objc; path = SIImageCache.m; sourceTree = "<group>"; };
		A3CB987816142D69005DDA9C /* SIImageView.h */ = {isa = PBXFileReference; fileEncoding = 4; lastKnownFileType = sourcecode.c.h; path = SIImageView.h; sourceTree = "<group>"; };
		A3CB987916142D69005DDA9C /* SIImageView.m */ = {isa = PBXFileReference; fileEncoding = 4; lastKnownFileType = sourcecode.c.objc; path = SIImageView.m; sourceTree = "<group>"; };
		A3CB987B16142D69005DDA9C /* SIConnectionOperation.h */ = {isa = PBXFileReference; fileEncoding = 4; lastKnownFileType = sourcecode.c.h; path = SIConnectionOperation.h; sourceTree = "<group>"; };
		A3CB987C16142D69005DDA9C /* SIConnectionOperation.m */ = {isa = PBXFileReference; fileEncoding = 4; lastKnownFileType = sourcecode.c.objc; path = SIConnectionOperation.m; sourceTree = "<group>"; };
		A3CB987E16142D69005DDA9C /* SIBaseOperation.h */ = {isa = PBXFileReference; fileEncoding = 4; lastKnownFileType = sourcecode.c.h; path = SIBaseOperation.h; sourceTree = "<group>"; };
		A3CB987F16142D69005DDA9C /* SIBaseOperation.m */ = {isa = PBXFileReference; fileEncoding = 4; lastKnownFileType = sourcecode.c.objc; path = SIBaseOperation.m; sourceTree = "<group>"; };
		A3CB988016142D69005DDA9C /* SIBlockOperation.h */ = {isa = PBXFileReference; fileEncoding = 4; lastKnownFileType = sourcecode.c.h; path = SIBlockOperation.h; sourceTree = "<group>"; };
		A3CB988116142D69005DDA9C /* SIBlockOperation.m */ = {isa = PBXFileReference; fileEncoding = 4; lastKnownFileType = sourcecode.c.objc; path = SIBlockOperation.m; sourceTree = "<group>"; };
		A3CB988216142D69005DDA9C /* SIOperationQueue.h */ = {isa = PBXFileReference; fileEncoding = 4; lastKnownFileType = sourcecode.c.h; path = SIOperationQueue.h; sourceTree = "<group>"; };
		A3CB988316142D69005DDA9C /* SIOperationQueue.m */ = {isa = PBXFileReference; fileEncoding = 4; lastKnownFileType = sourcecode.c.objc; path = SIOperationQueue.m; sourceTree = "<group>"; };
		A3CB988E16142D8F005DDA9C /* SystemConfiguration.framework */ = {isa = PBXFileReference; lastKnownFileType = wrapper.framework; name = SystemConfiguration.framework; path = System/Library/Frameworks/SystemConfiguration.framework; sourceTree = SDKROOT; };
		A3CB989016142E17005DDA9C /* NSURL+SITools.h */ = {isa = PBXFileReference; fileEncoding = 4; lastKnownFileType = sourcecode.c.h; path = "NSURL+SITools.h"; sourceTree = "<group>"; };
		A3CB989116142E17005DDA9C /* NSURL+SITools.m */ = {isa = PBXFileReference; fileEncoding = 4; lastKnownFileType = sourcecode.c.objc; path = "NSURL+SITools.m"; sourceTree = "<group>"; };
/* End PBXFileReference section */

/* Begin PBXFrameworksBuildPhase section */
		A3878402154955A500E16091 /* Frameworks */ = {
			isa = PBXFrameworksBuildPhase;
			buildActionMask = 2147483647;
			files = (
				A30DE98B161D63F0001B8934 /* QuartzCore.framework in Frameworks */,
				A3CB988F16142D8F005DDA9C /* SystemConfiguration.framework in Frameworks */,
				A387840A154955A500E16091 /* UIKit.framework in Frameworks */,
				A387840C154955A500E16091 /* Foundation.framework in Frameworks */,
				A387840E154955A500E16091 /* CoreGraphics.framework in Frameworks */,
			);
			runOnlyForDeploymentPostprocessing = 0;
		};
/* End PBXFrameworksBuildPhase section */

/* Begin PBXGroup section */
		A38783FA154955A500E16091 = {
			isa = PBXGroup;
			children = (
				A387840F154955A500E16091 /* SITools */,
				A3878408154955A500E16091 /* Frameworks */,
				A3878406154955A500E16091 /* Products */,
			);
			sourceTree = "<group>";
		};
		A3878406154955A500E16091 /* Products */ = {
			isa = PBXGroup;
			children = (
				A3878405154955A500E16091 /* SITools.app */,
			);
			name = Products;
			sourceTree = "<group>";
		};
		A3878408154955A500E16091 /* Frameworks */ = {
			isa = PBXGroup;
			children = (
				A30DE98A161D63F0001B8934 /* QuartzCore.framework */,
				A3CB988E16142D8F005DDA9C /* SystemConfiguration.framework */,
				A3878409154955A500E16091 /* UIKit.framework */,
				A387840B154955A500E16091 /* Foundation.framework */,
				A387840D154955A500E16091 /* CoreGraphics.framework */,
			);
			name = Frameworks;
			sourceTree = "<group>";
		};
		A387840F154955A500E16091 /* SITools */ = {
			isa = PBXGroup;
			children = (
				A3CB984416142C92005DDA9C /* SILog */,
				A3CB984916142C95005DDA9C /* SITools */,
				A3CB986E16142D69005DDA9C /* Reachability */,
				A3CB987116142D69005DDA9C /* SICache */,
				A3CB987A16142D69005DDA9C /* SIConnection */,
				A3CB987D16142D69005DDA9C /* SIOperation */,
				A3878418154955A500E16091 /* SIAppDelegate.h */,
				A3878419154955A500E16091 /* SIAppDelegate.m */,
				A387841B154955A600E16091 /* MainStoryboard.storyboard */,
				A387841E154955A600E16091 /* SIViewController.h */,
				A387841F154955A600E16091 /* SIViewController.m */,
				A39ABE5515E796E300BD241D /* TestClass.h */,
				A39ABE5615E796E300BD241D /* TestClass.m */,
				A3878446154988D800E16091 /* SIDateStringViewController.h */,
				A3878447154988D800E16091 /* SIDateStringViewController.m */,
				A3878410154955A500E16091 /* Supporting Files */,
			);
			path = SITools;
			sourceTree = "<group>";
		};
		A3878410154955A500E16091 /* Supporting Files */ = {
			isa = PBXGroup;
			children = (
				A35F22821654EA3D008195F2 /* Default-568h@2x.png */,
				A3878411154955A500E16091 /* SITools-Info.plist */,
				A3878412154955A500E16091 /* InfoPlist.strings */,
				A3878415154955A500E16091 /* main.m */,
				A3878417154955A500E16091 /* SITools-Prefix.pch */,
			);
			name = "Supporting Files";
			sourceTree = "<group>";
		};
		A3CB984416142C92005DDA9C /* SILog */ = {
			isa = PBXGroup;
			children = (
				A3CB984516142C95005DDA9C /* SIDescriptionBuilder.h */,
				A3CB984616142C95005DDA9C /* SIDescriptionBuilder.m */,
				A3CB984716142C95005DDA9C /* SILog.h */,
				A3CB984816142C95005DDA9C /* SILog.m */,
			);
			path = SILog;
			sourceTree = "<group>";
		};
		A3CB984916142C95005DDA9C /* SITools */ = {
			isa = PBXGroup;
			children = (
				A3CB984A16142C9D005DDA9C /* NSDate+SITools.h */,
				A3CB984B16142C9D005DDA9C /* NSDate+SITools.m */,
				A3CB984C16142C9D005DDA9C /* NSObject+SITools.h */,
				A3CB984D16142C9D005DDA9C /* NSObject+SITools.m */,
				A3CB984E16142C9D005DDA9C /* NSString+SIHalfwidth.h */,
				A3CB984F16142C9D005DDA9C /* NSString+SIHalfwidth.m */,
				A3CB985016142C9D005DDA9C /* NSString+SITools.h */,
				A3CB985116142C9D005DDA9C /* NSString+SITools.m */,
				A3CB989016142E17005DDA9C /* NSURL+SITools.h */,
				A3CB989116142E17005DDA9C /* NSURL+SITools.m */,
				A30DE983161D63E2001B8934 /* NSArray+SITools.h */,
				A30DE984161D63E2001B8934 /* NSArray+SITools.m */,
				A30DE985161D63E2001B8934 /* UIImage+SITools.h */,
				A30DE986161D63E2001B8934 /* UIImage+SITools.m */,
				A3CB985216142C9D005DDA9C /* SIAlertView.h */,
				A3CB985316142C9D005DDA9C /* SIAlertView.m */,
				A3CB985616142C9D005DDA9C /* SIGeometry.h */,
				A3CB985716142C9D005DDA9C /* SIGeometry.m */,
				A3CB985816142C9D005DDA9C /* SIHash.h */,
				A3CB985916142C9D005DDA9C /* SIHash.m */,
				A3CB985A16142C9D005DDA9C /* SIKeyboardAdjuster.h */,
				A3CB985B16142C9D005DDA9C /* SIKeyboardAdjuster.m */,
				A3CB985C16142C9D005DDA9C /* SIPathTools.h */,
				A3CB985D16142C9D005DDA9C /* SIPathTools.m */,
			);
			path = SITools;
			sourceTree = "<group>";
		};
		A3CB986E16142D69005DDA9C /* Reachability */ = {
			isa = PBXGroup;
			children = (
				A3CB986F16142D69005DDA9C /* Reachability.h */,
				A3CB987016142D69005DDA9C /* Reachability.m */,
			);
			path = Reachability;
			sourceTree = "<group>";
		};
		A3CB987116142D69005DDA9C /* SICache */ = {
			isa = PBXGroup;
			children = (
				A3CB987216142D69005DDA9C /* SIFileCache.h */,
				A3CB987316142D69005DDA9C /* SIFileCache.m */,
				A3CB987416142D69005DDA9C /* SIImageButton.h */,
				A3CB987516142D69005DDA9C /* SIImageButton.m */,
				A3CB987616142D69005DDA9C /* SIImageCache.h */,
				A3CB987716142D69005DDA9C /* SIImageCache.m */,
				A3CB987816142D69005DDA9C /* SIImageView.h */,
				A3CB987916142D69005DDA9C /* SIImageView.m */,
			);
			path = SICache;
			sourceTree = "<group>";
		};
		A3CB987A16142D69005DDA9C /* SIConnection */ = {
			isa = PBXGroup;
			children = (
				A3CB987B16142D69005DDA9C /* SIConnectionOperation.h */,
				A3CB987C16142D69005DDA9C /* SIConnectionOperation.m */,
			);
			path = SIConnection;
			sourceTree = "<group>";
		};
		A3CB987D16142D69005DDA9C /* SIOperation */ = {
			isa = PBXGroup;
			children = (
				A3CB987E16142D69005DDA9C /* SIBaseOperation.h */,
				A3CB987F16142D69005DDA9C /* SIBaseOperation.m */,
				A3CB988016142D69005DDA9C /* SIBlockOperation.h */,
				A3CB988116142D69005DDA9C /* SIBlockOperation.m */,
				A3CB988216142D69005DDA9C /* SIOperationQueue.h */,
				A3CB988316142D69005DDA9C /* SIOperationQueue.m */,
			);
			path = SIOperation;
			sourceTree = "<group>";
		};
/* End PBXGroup section */

/* Begin PBXNativeTarget section */
		A3878404154955A500E16091 /* SITools */ = {
			isa = PBXNativeTarget;
			buildConfigurationList = A3878423154955A600E16091 /* Build configuration list for PBXNativeTarget "SITools" */;
			buildPhases = (
				A3878401154955A500E16091 /* Sources */,
				A3878402154955A500E16091 /* Frameworks */,
				A3878403154955A500E16091 /* Resources */,
			);
			buildRules = (
			);
			dependencies = (
			);
			name = SITools;
			productName = SITools;
			productReference = A3878405154955A500E16091 /* SITools.app */;
			productType = "com.apple.product-type.application";
		};
/* End PBXNativeTarget section */

/* Begin PBXProject section */
		A38783FC154955A500E16091 /* Project object */ = {
			isa = PBXProject;
			attributes = {
				CLASSPREFIX = SI;
				LastUpgradeCheck = 0430;
				ORGANIZATIONNAME = "SI Agency Inc";
			};
			buildConfigurationList = A38783FF154955A500E16091 /* Build configuration list for PBXProject "SITools" */;
			compatibilityVersion = "Xcode 3.2";
			developmentRegion = English;
			hasScannedForEncodings = 0;
			knownRegions = (
				en,
			);
			mainGroup = A38783FA154955A500E16091;
			productRefGroup = A3878406154955A500E16091 /* Products */;
			projectDirPath = "";
			projectRoot = "";
			targets = (
				A3878404154955A500E16091 /* SITools */,
			);
		};
/* End PBXProject section */

/* Begin PBXResourcesBuildPhase section */
		A3878403154955A500E16091 /* Resources */ = {
			isa = PBXResourcesBuildPhase;
			buildActionMask = 2147483647;
			files = (
				A3878414154955A500E16091 /* InfoPlist.strings in Resources */,
				A387841D154955A600E16091 /* MainStoryboard.storyboard in Resources */,
				A35F22831654EA3D008195F2 /* Default-568h@2x.png in Resources */,
			);
			runOnlyForDeploymentPostprocessing = 0;
		};
/* End PBXResourcesBuildPhase section */

/* Begin PBXSourcesBuildPhase section */
		A3878401154955A500E16091 /* Sources */ = {
			isa = PBXSourcesBuildPhase;
			buildActionMask = 2147483647;
			files = (
				A3878416154955A500E16091 /* main.m in Sources */,
				A387841A154955A600E16091 /* SIAppDelegate.m in Sources */,
				A3878420154955A600E16091 /* SIViewController.m in Sources */,
				A3878448154988D800E16091 /* SIDateStringViewController.m in Sources */,
				A39ABE5815E796E300BD241D /* TestClass.m in Sources */,
				A3CB985E16142C9D005DDA9C /* SIDescriptionBuilder.m in Sources */,
				A3CB985F16142C9D005DDA9C /* SILog.m in Sources */,
				A3CB986016142C9D005DDA9C /* NSDate+SITools.m in Sources */,
				A3CB986116142C9D005DDA9C /* NSObject+SITools.m in Sources */,
				A3CB986216142C9D005DDA9C /* NSString+SIHalfwidth.m in Sources */,
				A3CB986316142C9D005DDA9C /* NSString+SITools.m in Sources */,
				A3CB986416142C9D005DDA9C /* SIAlertView.m in Sources */,
				A3CB986616142C9D005DDA9C /* SIGeometry.m in Sources */,
				A3CB986716142C9D005DDA9C /* SIHash.m in Sources */,
				A3CB986816142C9D005DDA9C /* SIKeyboardAdjuster.m in Sources */,
				A3CB986916142C9D005DDA9C /* SIPathTools.m in Sources */,
				A3CB988416142D69005DDA9C /* Reachability.m in Sources */,
				A3CB988516142D69005DDA9C /* SIFileCache.m in Sources */,
				A3CB988616142D69005DDA9C /* SIImageButton.m in Sources */,
				A3CB988716142D69005DDA9C /* SIImageCache.m in Sources */,
				A3CB988816142D69005DDA9C /* SIImageView.m in Sources */,
				A3CB988916142D69005DDA9C /* SIConnectionOperation.m in Sources */,
				A3CB988A16142D69005DDA9C /* SIBaseOperation.m in Sources */,
				A3CB988B16142D69005DDA9C /* SIBlockOperation.m in Sources */,
				A3CB988C16142D69005DDA9C /* SIOperationQueue.m in Sources */,
				A3CB989216142E17005DDA9C /* NSURL+SITools.m in Sources */,
				A30DE987161D63E2001B8934 /* NSArray+SITools.m in Sources */,
				A30DE988161D63E2001B8934 /* UIImage+SITools.m in Sources */,
			);
			runOnlyForDeploymentPostprocessing = 0;
		};
/* End PBXSourcesBuildPhase section */

/* Begin PBXVariantGroup section */
		A3878412154955A500E16091 /* InfoPlist.strings */ = {
			isa = PBXVariantGroup;
			children = (
				A3878413154955A500E16091 /* en */,
			);
			name = InfoPlist.strings;
			sourceTree = "<group>";
		};
		A387841B154955A600E16091 /* MainStoryboard.storyboard */ = {
			isa = PBXVariantGroup;
			children = (
				A387841C154955A600E16091 /* en */,
			);
			name = MainStoryboard.storyboard;
			sourceTree = "<group>";
		};
/* End PBXVariantGroup section */

/* Begin XCBuildConfiguration section */
		A3878421154955A600E16091 /* Debug */ = {
			isa = XCBuildConfiguration;
			buildSettings = {
				ALWAYS_SEARCH_USER_PATHS = NO;
				ARCHS = "$(ARCHS_STANDARD_32_BIT)";
				CLANG_ENABLE_OBJC_ARC = YES;
				"CODE_SIGN_IDENTITY[sdk=iphoneos*]" = "iPhone Developer";
				COPY_PHASE_STRIP = NO;
				GCC_C_LANGUAGE_STANDARD = gnu99;
				GCC_DYNAMIC_NO_PIC = NO;
				GCC_OPTIMIZATION_LEVEL = 0;
				GCC_PREPROCESSOR_DEFINITIONS = (
					"DEBUG=1",
					"$(inherited)",
					"SILOG_LEVEL=8",
				);
				GCC_SYMBOLS_PRIVATE_EXTERN = NO;
				GCC_VERSION = com.apple.compilers.llvm.clang.1_0;
				GCC_WARN_ABOUT_RETURN_TYPE = YES;
				GCC_WARN_UNINITIALIZED_AUTOS = YES;
				GCC_WARN_UNUSED_VARIABLE = YES;
				IPHONEOS_DEPLOYMENT_TARGET = 5.1;
				SDKROOT = iphoneos;
			};
			name = Debug;
		};
		A3878422154955A600E16091 /* Release */ = {
			isa = XCBuildConfiguration;
			buildSettings = {
				ALWAYS_SEARCH_USER_PATHS = NO;
				ARCHS = "$(ARCHS_STANDARD_32_BIT)";
				CLANG_ENABLE_OBJC_ARC = YES;
				"CODE_SIGN_IDENTITY[sdk=iphoneos*]" = "iPhone Developer";
				COPY_PHASE_STRIP = YES;
				GCC_C_LANGUAGE_STANDARD = gnu99;
				GCC_PREPROCESSOR_DEFINITIONS = "SILOG_LEVEL=5";
				GCC_VERSION = com.apple.compilers.llvm.clang.1_0;
				GCC_WARN_ABOUT_RETURN_TYPE = YES;
				GCC_WARN_UNINITIALIZED_AUTOS = YES;
				GCC_WARN_UNUSED_VARIABLE = YES;
				IPHONEOS_DEPLOYMENT_TARGET = 5.1;
				OTHER_CFLAGS = "-DNS_BLOCK_ASSERTIONS=1";
				SDKROOT = iphoneos;
				VALIDATE_PRODUCT = YES;
			};
			name = Release;
		};
		A3878424154955A600E16091 /* Debug */ = {
			isa = XCBuildConfiguration;
			buildSettings = {
				GCC_PRECOMPILE_PREFIX_HEADER = YES;
				GCC_PREFIX_HEADER = "SITools/SITools-Prefix.pch";
				INFOPLIST_FILE = "SITools/SITools-Info.plist";
				PRODUCT_NAME = "$(TARGET_NAME)";
				WRAPPER_EXTENSION = app;
			};
			name = Debug;
		};
		A3878425154955A600E16091 /* Release */ = {
			isa = XCBuildConfiguration;
			buildSettings = {
				GCC_PRECOMPILE_PREFIX_HEADER = YES;
				GCC_PREFIX_HEADER = "SITools/SITools-Prefix.pch";
				INFOPLIST_FILE = "SITools/SITools-Info.plist";
				PRODUCT_NAME = "$(TARGET_NAME)";
				WRAPPER_EXTENSION = app;
			};
			name = Release;
		};
/* End XCBuildConfiguration section */

/* Begin XCConfigurationList section */
		A38783FF154955A500E16091 /* Build configuration list for PBXProject "SITools" */ = {
			isa = XCConfigurationList;
			buildConfigurations = (
				A3878421154955A600E16091 /* Debug */,
				A3878422154955A600E16091 /* Release */,
			);
			defaultConfigurationIsVisible = 0;
			defaultConfigurationName = Release;
		};
		A3878423154955A600E16091 /* Build configuration list for PBXNativeTarget "SITools" */ = {
			isa = XCConfigurationList;
			buildConfigurations = (
				A3878424154955A600E16091 /* Debug */,
				A3878425154955A600E16091 /* Release */,
			);
			defaultConfigurationIsVisible = 0;
			defaultConfigurationName = Release;
		};
/* End XCConfigurationList section */
	};
	rootObject = A38783FC154955A500E16091 /* Project object */;
}
