// !$*UTF8*$!
{
	archiveVersion = 1;
	classes = {
	};
	objectVersion = 46;
	objects = {

/* Begin PBXBuildFile section */
		A30DE98B161D63F0001B8934 /* QuartzCore.framework in Frameworks */ = {isa = PBXBuildFile; fileRef = A30DE98A161D63F0001B8934 /* QuartzCore.framework */; };
		A387840A154955A500E16091 /* UIKit.framework in Frameworks */ = {isa = PBXBuildFile; fileRef = A3878409154955A500E16091 /* UIKit.framework */; };
		A387840C154955A500E16091 /* Foundation.framework in Frameworks */ = {isa = PBXBuildFile; fileRef = A387840B154955A500E16091 /* Foundation.framework */; };
		A387840E154955A500E16091 /* CoreGraphics.framework in Frameworks */ = {isa = PBXBuildFile; fileRef = A387840D154955A500E16091 /* CoreGraphics.framework */; };
		A3CB988F16142D8F005DDA9C /* SystemConfiguration.framework in Frameworks */ = {isa = PBXBuildFile; fileRef = A3CB988E16142D8F005DDA9C /* SystemConfiguration.framework */; };
		A3CFB38118E15D14005F2302 /* SIABlockAction.m in Sources */ = {isa = PBXBuildFile; fileRef = A3CFB32218E15D14005F2302 /* SIABlockAction.m */; };
		A3CFB38218E15D14005F2302 /* SIABlockProtocol.m in Sources */ = {isa = PBXBuildFile; fileRef = A3CFB32418E15D14005F2302 /* SIABlockProtocol.m */; };
		A3CFB38318E15D14005F2302 /* SIAControlAction.m in Sources */ = {isa = PBXBuildFile; fileRef = A3CFB32718E15D14005F2302 /* SIAControlAction.m */; };
		A3CFB38418E15D14005F2302 /* SIAExpandableObject.m in Sources */ = {isa = PBXBuildFile; fileRef = A3CFB32918E15D14005F2302 /* SIAExpandableObject.m */; };
		A3CFB38518E15D14005F2302 /* SIAGestureAction.m in Sources */ = {isa = PBXBuildFile; fileRef = A3CFB32B18E15D14005F2302 /* SIAGestureAction.m */; };
		A3CFB38618E15D14005F2302 /* SIAObserverAction.m in Sources */ = {isa = PBXBuildFile; fileRef = A3CFB32D18E15D14005F2302 /* SIAObserverAction.m */; };
		A3CFB38718E15D14005F2302 /* SIATimerAction.m in Sources */ = {isa = PBXBuildFile; fileRef = A3CFB32F18E15D14005F2302 /* SIATimerAction.m */; };
		A3CFB38818E15D14005F2302 /* UIActionSheet+SIABlocks.m in Sources */ = {isa = PBXBuildFile; fileRef = A3CFB33118E15D14005F2302 /* UIActionSheet+SIABlocks.m */; };
		A3CFB38918E15D14005F2302 /* UIAlertView+SIABlocks.m in Sources */ = {isa = PBXBuildFile; fileRef = A3CFB33318E15D14005F2302 /* UIAlertView+SIABlocks.m */; };
		A3CFB38A18E15D14005F2302 /* UINavigationBar+SIABlocks.m in Sources */ = {isa = PBXBuildFile; fileRef = A3CFB33518E15D14005F2302 /* UINavigationBar+SIABlocks.m */; };
		A3CFB38B18E15D14005F2302 /* UIPickerView+SIABlocks.m in Sources */ = {isa = PBXBuildFile; fileRef = A3CFB33718E15D14005F2302 /* UIPickerView+SIABlocks.m */; };
		A3CFB38C18E15D14005F2302 /* UISearchBar+SIABlocks.m in Sources */ = {isa = PBXBuildFile; fileRef = A3CFB33918E15D14005F2302 /* UISearchBar+SIABlocks.m */; };
		A3CFB38D18E15D14005F2302 /* UITextField+SIABlocks.m in Sources */ = {isa = PBXBuildFile; fileRef = A3CFB33B18E15D14005F2302 /* UITextField+SIABlocks.m */; };
		A3CFB38E18E15D14005F2302 /* UIToolbar+SIABlocks.m in Sources */ = {isa = PBXBuildFile; fileRef = A3CFB33D18E15D14005F2302 /* UIToolbar+SIABlocks.m */; };
		A3CFB38F18E15D14005F2302 /* NSArray+SIATools.m in Sources */ = {isa = PBXBuildFile; fileRef = A3CFB34018E15D14005F2302 /* NSArray+SIATools.m */; };
		A3CFB39018E15D14005F2302 /* NSBundle+SIATools.m in Sources */ = {isa = PBXBuildFile; fileRef = A3CFB34218E15D14005F2302 /* NSBundle+SIATools.m */; };
		A3CFB39118E15D14005F2302 /* NSCoder+SIATools.m in Sources */ = {isa = PBXBuildFile; fileRef = A3CFB34418E15D14005F2302 /* NSCoder+SIATools.m */; };
		A3CFB39218E15D14005F2302 /* NSData+SIATools.m in Sources */ = {isa = PBXBuildFile; fileRef = A3CFB34618E15D14005F2302 /* NSData+SIATools.m */; };
		A3CFB39318E15D14005F2302 /* NSDate+SIATools.m in Sources */ = {isa = PBXBuildFile; fileRef = A3CFB34818E15D14005F2302 /* NSDate+SIATools.m */; };
		A3CFB39418E15D14005F2302 /* NSDateFormatter+SIATools.m in Sources */ = {isa = PBXBuildFile; fileRef = A3CFB34A18E15D14005F2302 /* NSDateFormatter+SIATools.m */; };
		A3CFB39518E15D14005F2302 /* NSEnumerator+SIATools.m in Sources */ = {isa = PBXBuildFile; fileRef = A3CFB34C18E15D14005F2302 /* NSEnumerator+SIATools.m */; };
		A3CFB39618E15D14005F2302 /* NSObject+SIATools.m in Sources */ = {isa = PBXBuildFile; fileRef = A3CFB34E18E15D14005F2302 /* NSObject+SIATools.m */; };
		A3CFB39718E15D14005F2302 /* NSStream+SIATools.m in Sources */ = {isa = PBXBuildFile; fileRef = A3CFB35018E15D14005F2302 /* NSStream+SIATools.m */; };
		A3CFB39818E15D14005F2302 /* NSString+SIAHalfwidth.m in Sources */ = {isa = PBXBuildFile; fileRef = A3CFB35218E15D14005F2302 /* NSString+SIAHalfwidth.m */; };
		A3CFB39918E15D14005F2302 /* NSString+SIATools.m in Sources */ = {isa = PBXBuildFile; fileRef = A3CFB35418E15D14005F2302 /* NSString+SIATools.m */; };
		A3CFB39A18E15D14005F2302 /* NSURL+SIATools.m in Sources */ = {isa = PBXBuildFile; fileRef = A3CFB35618E15D14005F2302 /* NSURL+SIATools.m */; };
		A3CFB39B18E15D14005F2302 /* SIABase64.m in Sources */ = {isa = PBXBuildFile; fileRef = A3CFB35818E15D14005F2302 /* SIABase64.m */; };
		A3CFB39C18E15D14005F2302 /* SIADescriptionBuilder.m in Sources */ = {isa = PBXBuildFile; fileRef = A3CFB35A18E15D14005F2302 /* SIADescriptionBuilder.m */; };
		A3CFB39D18E15D14005F2302 /* SIAGeometry.m in Sources */ = {isa = PBXBuildFile; fileRef = A3CFB35D18E15D14005F2302 /* SIAGeometry.m */; };
		A3CFB39E18E15D14005F2302 /* SIAHash.m in Sources */ = {isa = PBXBuildFile; fileRef = A3CFB35F18E15D14005F2302 /* SIAHash.m */; };
		A3CFB39F18E15D14005F2302 /* SIAID.m in Sources */ = {isa = PBXBuildFile; fileRef = A3CFB36118E15D14005F2302 /* SIAID.m */; };
		A3CFB3A018E15D14005F2302 /* SIAKeyboardAdjuster.m in Sources */ = {isa = PBXBuildFile; fileRef = A3CFB36318E15D14005F2302 /* SIAKeyboardAdjuster.m */; };
		A3CFB3A118E15D14005F2302 /* SIALogger.m in Sources */ = {isa = PBXBuildFile; fileRef = A3CFB36518E15D14005F2302 /* SIALogger.m */; };
		A3CFB3A218E15D14005F2302 /* SIAPathTools.m in Sources */ = {isa = PBXBuildFile; fileRef = A3CFB36718E15D14005F2302 /* SIAPathTools.m */; };
		A3CFB3A318E15D14005F2302 /* SIAWeakReference.m in Sources */ = {isa = PBXBuildFile; fileRef = A3CFB36918E15D14005F2302 /* SIAWeakReference.m */; };
		A3CFB3A418E15D14005F2302 /* UIColor+SIATools.m in Sources */ = {isa = PBXBuildFile; fileRef = A3CFB36B18E15D14005F2302 /* UIColor+SIATools.m */; };
		A3CFB3A518E15D14005F2302 /* UIImage+SIATools.m in Sources */ = {isa = PBXBuildFile; fileRef = A3CFB36D18E15D14005F2302 /* UIImage+SIATools.m */; };
		A3CFB3A618E15D14005F2302 /* UIView+SIATools.m in Sources */ = {isa = PBXBuildFile; fileRef = A3CFB36F18E15D14005F2302 /* UIView+SIATools.m */; };
		A3CFB3A718E15D14005F2302 /* SIABaseOperation.m in Sources */ = {isa = PBXBuildFile; fileRef = A3CFB37218E15D14005F2302 /* SIABaseOperation.m */; };
		A3CFB3A818E15D14005F2302 /* SIABlockOperation.m in Sources */ = {isa = PBXBuildFile; fileRef = A3CFB37418E15D14005F2302 /* SIABlockOperation.m */; };
		A3CFB3A918E15D14005F2302 /* SIAConnectionOperation.m in Sources */ = {isa = PBXBuildFile; fileRef = A3CFB37618E15D14005F2302 /* SIAConnectionOperation.m */; };
		A3CFB3AA18E15D14005F2302 /* SIAOperationQueue.m in Sources */ = {isa = PBXBuildFile; fileRef = A3CFB37918E15D14005F2302 /* SIAOperationQueue.m */; };
		A3CFB3AB18E15D14005F2302 /* SIAOverlayView.m in Sources */ = {isa = PBXBuildFile; fileRef = A3CFB37D18E15D14005F2302 /* SIAOverlayView.m */; };
		A3CFB3AC18E15D14005F2302 /* SIAPageView.m in Sources */ = {isa = PBXBuildFile; fileRef = A3CFB37F18E15D14005F2302 /* SIAPageView.m */; };
		A3CFB3BE18E15D39005F2302 /* Default-568h@2x.png in Resources */ = {isa = PBXBuildFile; fileRef = A3CFB3AE18E15D39005F2302 /* Default-568h@2x.png */; };
		A3CFB3BF18E15D39005F2302 /* InfoPlist.strings in Resources */ = {isa = PBXBuildFile; fileRef = A3CFB3AF18E15D39005F2302 /* InfoPlist.strings */; };
		A3CFB3C018E15D39005F2302 /* main.m in Sources */ = {isa = PBXBuildFile; fileRef = A3CFB3B018E15D39005F2302 /* main.m */; };
		A3CFB3C118E15D39005F2302 /* MainStoryboard.storyboard in Resources */ = {isa = PBXBuildFile; fileRef = A3CFB3B118E15D39005F2302 /* MainStoryboard.storyboard */; };
		A3CFB3C218E15D39005F2302 /* SIAAppDelegate.m in Sources */ = {isa = PBXBuildFile; fileRef = A3CFB3B318E15D39005F2302 /* SIAAppDelegate.m */; };
		A3CFB3C418E15D39005F2302 /* SIAToolsDemo-Info.plist in Resources */ = {isa = PBXBuildFile; fileRef = A3CFB3B518E15D39005F2302 /* SIAToolsDemo-Info.plist */; };
		A3CFB3C518E15D39005F2302 /* SIAViewController.m in Sources */ = {isa = PBXBuildFile; fileRef = A3CFB3BB18E15D39005F2302 /* SIAViewController.m */; };
		A3CFB3C618E15D39005F2302 /* TestClass.m in Sources */ = {isa = PBXBuildFile; fileRef = A3CFB3BD18E15D39005F2302 /* TestClass.m */; };
		A3F2CF6E16B7CC3E0007822E /* Security.framework in Frameworks */ = {isa = PBXBuildFile; fileRef = A3F2CF6D16B7CC3E0007822E /* Security.framework */; };
/* End PBXBuildFile section */

/* Begin PBXFileReference section */
		A30DE98A161D63F0001B8934 /* QuartzCore.framework */ = {isa = PBXFileReference; lastKnownFileType = wrapper.framework; name = QuartzCore.framework; path = System/Library/Frameworks/QuartzCore.framework; sourceTree = SDKROOT; };
		A3878405154955A500E16091 /* SIAToolsDemo.app */ = {isa = PBXFileReference; explicitFileType = wrapper.application; includeInIndex = 0; path = SIAToolsDemo.app; sourceTree = BUILT_PRODUCTS_DIR; };
		A3878409154955A500E16091 /* UIKit.framework */ = {isa = PBXFileReference; lastKnownFileType = wrapper.framework; name = UIKit.framework; path = System/Library/Frameworks/UIKit.framework; sourceTree = SDKROOT; };
		A387840B154955A500E16091 /* Foundation.framework */ = {isa = PBXFileReference; lastKnownFileType = wrapper.framework; name = Foundation.framework; path = System/Library/Frameworks/Foundation.framework; sourceTree = SDKROOT; };
		A387840D154955A500E16091 /* CoreGraphics.framework */ = {isa = PBXFileReference; lastKnownFileType = wrapper.framework; name = CoreGraphics.framework; path = System/Library/Frameworks/CoreGraphics.framework; sourceTree = SDKROOT; };
		A3CB988E16142D8F005DDA9C /* SystemConfiguration.framework */ = {isa = PBXFileReference; lastKnownFileType = wrapper.framework; name = SystemConfiguration.framework; path = System/Library/Frameworks/SystemConfiguration.framework; sourceTree = SDKROOT; };
		A3CFB32118E15D14005F2302 /* SIABlockAction.h */ = {isa = PBXFileReference; fileEncoding = 4; lastKnownFileType = sourcecode.c.h; path = SIABlockAction.h; sourceTree = "<group>"; };
		A3CFB32218E15D14005F2302 /* SIABlockAction.m */ = {isa = PBXFileReference; fileEncoding = 4; lastKnownFileType = sourcecode.c.objc; path = SIABlockAction.m; sourceTree = "<group>"; };
		A3CFB32318E15D14005F2302 /* SIABlockProtocol.h */ = {isa = PBXFileReference; fileEncoding = 4; lastKnownFileType = sourcecode.c.h; path = SIABlockProtocol.h; sourceTree = "<group>"; };
		A3CFB32418E15D14005F2302 /* SIABlockProtocol.m */ = {isa = PBXFileReference; fileEncoding = 4; lastKnownFileType = sourcecode.c.objc; path = SIABlockProtocol.m; sourceTree = "<group>"; };
		A3CFB32518E15D14005F2302 /* SIABlocks.h */ = {isa = PBXFileReference; fileEncoding = 4; lastKnownFileType = sourcecode.c.h; path = SIABlocks.h; sourceTree = "<group>"; };
		A3CFB32618E15D14005F2302 /* SIAControlAction.h */ = {isa = PBXFileReference; fileEncoding = 4; lastKnownFileType = sourcecode.c.h; path = SIAControlAction.h; sourceTree = "<group>"; };
		A3CFB32718E15D14005F2302 /* SIAControlAction.m */ = {isa = PBXFileReference; fileEncoding = 4; lastKnownFileType = sourcecode.c.objc; path = SIAControlAction.m; sourceTree = "<group>"; };
		A3CFB32818E15D14005F2302 /* SIAExpandableObject.h */ = {isa = PBXFileReference; fileEncoding = 4; lastKnownFileType = sourcecode.c.h; path = SIAExpandableObject.h; sourceTree = "<group>"; };
		A3CFB32918E15D14005F2302 /* SIAExpandableObject.m */ = {isa = PBXFileReference; fileEncoding = 4; lastKnownFileType = sourcecode.c.objc; path = SIAExpandableObject.m; sourceTree = "<group>"; };
		A3CFB32A18E15D14005F2302 /* SIAGestureAction.h */ = {isa = PBXFileReference; fileEncoding = 4; lastKnownFileType = sourcecode.c.h; path = SIAGestureAction.h; sourceTree = "<group>"; };
		A3CFB32B18E15D14005F2302 /* SIAGestureAction.m */ = {isa = PBXFileReference; fileEncoding = 4; lastKnownFileType = sourcecode.c.objc; path = SIAGestureAction.m; sourceTree = "<group>"; };
		A3CFB32C18E15D14005F2302 /* SIAObserverAction.h */ = {isa = PBXFileReference; fileEncoding = 4; lastKnownFileType = sourcecode.c.h; path = SIAObserverAction.h; sourceTree = "<group>"; };
		A3CFB32D18E15D14005F2302 /* SIAObserverAction.m */ = {isa = PBXFileReference; fileEncoding = 4; lastKnownFileType = sourcecode.c.objc; path = SIAObserverAction.m; sourceTree = "<group>"; };
		A3CFB32E18E15D14005F2302 /* SIATimerAction.h */ = {isa = PBXFileReference; fileEncoding = 4; lastKnownFileType = sourcecode.c.h; path = SIATimerAction.h; sourceTree = "<group>"; };
		A3CFB32F18E15D14005F2302 /* SIATimerAction.m */ = {isa = PBXFileReference; fileEncoding = 4; lastKnownFileType = sourcecode.c.objc; path = SIATimerAction.m; sourceTree = "<group>"; };
		A3CFB33018E15D14005F2302 /* UIActionSheet+SIABlocks.h */ = {isa = PBXFileReference; fileEncoding = 4; lastKnownFileType = sourcecode.c.h; path = "UIActionSheet+SIABlocks.h"; sourceTree = "<group>"; };
		A3CFB33118E15D14005F2302 /* UIActionSheet+SIABlocks.m */ = {isa = PBXFileReference; fileEncoding = 4; lastKnownFileType = sourcecode.c.objc; path = "UIActionSheet+SIABlocks.m"; sourceTree = "<group>"; };
		A3CFB33218E15D14005F2302 /* UIAlertView+SIABlocks.h */ = {isa = PBXFileReference; fileEncoding = 4; lastKnownFileType = sourcecode.c.h; path = "UIAlertView+SIABlocks.h"; sourceTree = "<group>"; };
		A3CFB33318E15D14005F2302 /* UIAlertView+SIABlocks.m */ = {isa = PBXFileReference; fileEncoding = 4; lastKnownFileType = sourcecode.c.objc; path = "UIAlertView+SIABlocks.m"; sourceTree = "<group>"; };
		A3CFB33418E15D14005F2302 /* UINavigationBar+SIABlocks.h */ = {isa = PBXFileReference; fileEncoding = 4; lastKnownFileType = sourcecode.c.h; path = "UINavigationBar+SIABlocks.h"; sourceTree = "<group>"; };
		A3CFB33518E15D14005F2302 /* UINavigationBar+SIABlocks.m */ = {isa = PBXFileReference; fileEncoding = 4; lastKnownFileType = sourcecode.c.objc; path = "UINavigationBar+SIABlocks.m"; sourceTree = "<group>"; };
		A3CFB33618E15D14005F2302 /* UIPickerView+SIABlocks.h */ = {isa = PBXFileReference; fileEncoding = 4; lastKnownFileType = sourcecode.c.h; path = "UIPickerView+SIABlocks.h"; sourceTree = "<group>"; };
		A3CFB33718E15D14005F2302 /* UIPickerView+SIABlocks.m */ = {isa = PBXFileReference; fileEncoding = 4; lastKnownFileType = sourcecode.c.objc; path = "UIPickerView+SIABlocks.m"; sourceTree = "<group>"; };
		A3CFB33818E15D14005F2302 /* UISearchBar+SIABlocks.h */ = {isa = PBXFileReference; fileEncoding = 4; lastKnownFileType = sourcecode.c.h; path = "UISearchBar+SIABlocks.h"; sourceTree = "<group>"; };
		A3CFB33918E15D14005F2302 /* UISearchBar+SIABlocks.m */ = {isa = PBXFileReference; fileEncoding = 4; lastKnownFileType = sourcecode.c.objc; path = "UISearchBar+SIABlocks.m"; sourceTree = "<group>"; };
		A3CFB33A18E15D14005F2302 /* UITextField+SIABlocks.h */ = {isa = PBXFileReference; fileEncoding = 4; lastKnownFileType = sourcecode.c.h; path = "UITextField+SIABlocks.h"; sourceTree = "<group>"; };
		A3CFB33B18E15D14005F2302 /* UITextField+SIABlocks.m */ = {isa = PBXFileReference; fileEncoding = 4; lastKnownFileType = sourcecode.c.objc; path = "UITextField+SIABlocks.m"; sourceTree = "<group>"; };
		A3CFB33C18E15D14005F2302 /* UIToolbar+SIABlocks.h */ = {isa = PBXFileReference; fileEncoding = 4; lastKnownFileType = sourcecode.c.h; path = "UIToolbar+SIABlocks.h"; sourceTree = "<group>"; };
		A3CFB33D18E15D14005F2302 /* UIToolbar+SIABlocks.m */ = {isa = PBXFileReference; fileEncoding = 4; lastKnownFileType = sourcecode.c.objc; path = "UIToolbar+SIABlocks.m"; sourceTree = "<group>"; };
		A3CFB33F18E15D14005F2302 /* NSArray+SIATools.h */ = {isa = PBXFileReference; fileEncoding = 4; lastKnownFileType = sourcecode.c.h; path = "NSArray+SIATools.h"; sourceTree = "<group>"; };
		A3CFB34018E15D14005F2302 /* NSArray+SIATools.m */ = {isa = PBXFileReference; fileEncoding = 4; lastKnownFileType = sourcecode.c.objc; path = "NSArray+SIATools.m"; sourceTree = "<group>"; };
		A3CFB34118E15D14005F2302 /* NSBundle+SIATools.h */ = {isa = PBXFileReference; fileEncoding = 4; lastKnownFileType = sourcecode.c.h; path = "NSBundle+SIATools.h"; sourceTree = "<group>"; };
		A3CFB34218E15D14005F2302 /* NSBundle+SIATools.m */ = {isa = PBXFileReference; fileEncoding = 4; lastKnownFileType = sourcecode.c.objc; path = "NSBundle+SIATools.m"; sourceTree = "<group>"; };
		A3CFB34318E15D14005F2302 /* NSCoder+SIATools.h */ = {isa = PBXFileReference; fileEncoding = 4; lastKnownFileType = sourcecode.c.h; path = "NSCoder+SIATools.h"; sourceTree = "<group>"; };
		A3CFB34418E15D14005F2302 /* NSCoder+SIATools.m */ = {isa = PBXFileReference; fileEncoding = 4; lastKnownFileType = sourcecode.c.objc; path = "NSCoder+SIATools.m"; sourceTree = "<group>"; };
		A3CFB34518E15D14005F2302 /* NSData+SIATools.h */ = {isa = PBXFileReference; fileEncoding = 4; lastKnownFileType = sourcecode.c.h; path = "NSData+SIATools.h"; sourceTree = "<group>"; };
		A3CFB34618E15D14005F2302 /* NSData+SIATools.m */ = {isa = PBXFileReference; fileEncoding = 4; lastKnownFileType = sourcecode.c.objc; path = "NSData+SIATools.m"; sourceTree = "<group>"; };
		A3CFB34718E15D14005F2302 /* NSDate+SIATools.h */ = {isa = PBXFileReference; fileEncoding = 4; lastKnownFileType = sourcecode.c.h; path = "NSDate+SIATools.h"; sourceTree = "<group>"; };
		A3CFB34818E15D14005F2302 /* NSDate+SIATools.m */ = {isa = PBXFileReference; fileEncoding = 4; lastKnownFileType = sourcecode.c.objc; path = "NSDate+SIATools.m"; sourceTree = "<group>"; };
		A3CFB34918E15D14005F2302 /* NSDateFormatter+SIATools.h */ = {isa = PBXFileReference; fileEncoding = 4; lastKnownFileType = sourcecode.c.h; path = "NSDateFormatter+SIATools.h"; sourceTree = "<group>"; };
		A3CFB34A18E15D14005F2302 /* NSDateFormatter+SIATools.m */ = {isa = PBXFileReference; fileEncoding = 4; lastKnownFileType = sourcecode.c.objc; path = "NSDateFormatter+SIATools.m"; sourceTree = "<group>"; };
		A3CFB34B18E15D14005F2302 /* NSEnumerator+SIATools.h */ = {isa = PBXFileReference; fileEncoding = 4; lastKnownFileType = sourcecode.c.h; path = "NSEnumerator+SIATools.h"; sourceTree = "<group>"; };
		A3CFB34C18E15D14005F2302 /* NSEnumerator+SIATools.m */ = {isa = PBXFileReference; fileEncoding = 4; lastKnownFileType = sourcecode.c.objc; path = "NSEnumerator+SIATools.m"; sourceTree = "<group>"; };
		A3CFB34D18E15D14005F2302 /* NSObject+SIATools.h */ = {isa = PBXFileReference; fileEncoding = 4; lastKnownFileType = sourcecode.c.h; path = "NSObject+SIATools.h"; sourceTree = "<group>"; };
		A3CFB34E18E15D14005F2302 /* NSObject+SIATools.m */ = {isa = PBXFileReference; fileEncoding = 4; lastKnownFileType = sourcecode.c.objc; path = "NSObject+SIATools.m"; sourceTree = "<group>"; };
		A3CFB34F18E15D14005F2302 /* NSStream+SIATools.h */ = {isa = PBXFileReference; fileEncoding = 4; lastKnownFileType = sourcecode.c.h; path = "NSStream+SIATools.h"; sourceTree = "<group>"; };
		A3CFB35018E15D14005F2302 /* NSStream+SIATools.m */ = {isa = PBXFileReference; fileEncoding = 4; lastKnownFileType = sourcecode.c.objc; path = "NSStream+SIATools.m"; sourceTree = "<group>"; };
		A3CFB35118E15D14005F2302 /* NSString+SIAHalfwidth.h */ = {isa = PBXFileReference; fileEncoding = 4; lastKnownFileType = sourcecode.c.h; path = "NSString+SIAHalfwidth.h"; sourceTree = "<group>"; };
		A3CFB35218E15D14005F2302 /* NSString+SIAHalfwidth.m */ = {isa = PBXFileReference; fileEncoding = 4; lastKnownFileType = sourcecode.c.objc; path = "NSString+SIAHalfwidth.m"; sourceTree = "<group>"; };
		A3CFB35318E15D14005F2302 /* NSString+SIATools.h */ = {isa = PBXFileReference; fileEncoding = 4; lastKnownFileType = sourcecode.c.h; path = "NSString+SIATools.h"; sourceTree = "<group>"; };
		A3CFB35418E15D14005F2302 /* NSString+SIATools.m */ = {isa = PBXFileReference; fileEncoding = 4; lastKnownFileType = sourcecode.c.objc; path = "NSString+SIATools.m"; sourceTree = "<group>"; };
		A3CFB35518E15D14005F2302 /* NSURL+SIATools.h */ = {isa = PBXFileReference; fileEncoding = 4; lastKnownFileType = sourcecode.c.h; path = "NSURL+SIATools.h"; sourceTree = "<group>"; };
		A3CFB35618E15D14005F2302 /* NSURL+SIATools.m */ = {isa = PBXFileReference; fileEncoding = 4; lastKnownFileType = sourcecode.c.objc; path = "NSURL+SIATools.m"; sourceTree = "<group>"; };
		A3CFB35718E15D14005F2302 /* SIABase64.h */ = {isa = PBXFileReference; fileEncoding = 4; lastKnownFileType = sourcecode.c.h; path = SIABase64.h; sourceTree = "<group>"; };
		A3CFB35818E15D14005F2302 /* SIABase64.m */ = {isa = PBXFileReference; fileEncoding = 4; lastKnownFileType = sourcecode.c.objc; path = SIABase64.m; sourceTree = "<group>"; };
		A3CFB35918E15D14005F2302 /* SIADescriptionBuilder.h */ = {isa = PBXFileReference; fileEncoding = 4; lastKnownFileType = sourcecode.c.h; path = SIADescriptionBuilder.h; sourceTree = "<group>"; };
		A3CFB35A18E15D14005F2302 /* SIADescriptionBuilder.m */ = {isa = PBXFileReference; fileEncoding = 4; lastKnownFileType = sourcecode.c.objc; path = SIADescriptionBuilder.m; sourceTree = "<group>"; };
		A3CFB35B18E15D14005F2302 /* SIAExtensions.h */ = {isa = PBXFileReference; fileEncoding = 4; lastKnownFileType = sourcecode.c.h; path = SIAExtensions.h; sourceTree = "<group>"; };
		A3CFB35C18E15D14005F2302 /* SIAGeometry.h */ = {isa = PBXFileReference; fileEncoding = 4; lastKnownFileType = sourcecode.c.h; path = SIAGeometry.h; sourceTree = "<group>"; };
		A3CFB35D18E15D14005F2302 /* SIAGeometry.m */ = {isa = PBXFileReference; fileEncoding = 4; lastKnownFileType = sourcecode.c.objc; path = SIAGeometry.m; sourceTree = "<group>"; };
		A3CFB35E18E15D14005F2302 /* SIAHash.h */ = {isa = PBXFileReference; fileEncoding = 4; lastKnownFileType = sourcecode.c.h; path = SIAHash.h; sourceTree = "<group>"; };
		A3CFB35F18E15D14005F2302 /* SIAHash.m */ = {isa = PBXFileReference; fileEncoding = 4; lastKnownFileType = sourcecode.c.objc; path = SIAHash.m; sourceTree = "<group>"; };
		A3CFB36018E15D14005F2302 /* SIAID.h */ = {isa = PBXFileReference; fileEncoding = 4; lastKnownFileType = sourcecode.c.h; path = SIAID.h; sourceTree = "<group>"; };
		A3CFB36118E15D14005F2302 /* SIAID.m */ = {isa = PBXFileReference; fileEncoding = 4; lastKnownFileType = sourcecode.c.objc; path = SIAID.m; sourceTree = "<group>"; };
		A3CFB36218E15D14005F2302 /* SIAKeyboardAdjuster.h */ = {isa = PBXFileReference; fileEncoding = 4; lastKnownFileType = sourcecode.c.h; path = SIAKeyboardAdjuster.h; sourceTree = "<group>"; };
		A3CFB36318E15D14005F2302 /* SIAKeyboardAdjuster.m */ = {isa = PBXFileReference; fileEncoding = 4; lastKnownFileType = sourcecode.c.objc; path = SIAKeyboardAdjuster.m; sourceTree = "<group>"; };
		A3CFB36418E15D14005F2302 /* SIALogger.h */ = {isa = PBXFileReference; fileEncoding = 4; lastKnownFileType = sourcecode.c.h; path = SIALogger.h; sourceTree = "<group>"; };
		A3CFB36518E15D14005F2302 /* SIALogger.m */ = {isa = PBXFileReference; fileEncoding = 4; lastKnownFileType = sourcecode.c.objc; path = SIALogger.m; sourceTree = "<group>"; };
		A3CFB36618E15D14005F2302 /* SIAPathTools.h */ = {isa = PBXFileReference; fileEncoding = 4; lastKnownFileType = sourcecode.c.h; path = SIAPathTools.h; sourceTree = "<group>"; };
		A3CFB36718E15D14005F2302 /* SIAPathTools.m */ = {isa = PBXFileReference; fileEncoding = 4; lastKnownFileType = sourcecode.c.objc; path = SIAPathTools.m; sourceTree = "<group>"; };
		A3CFB36818E15D14005F2302 /* SIAWeakReference.h */ = {isa = PBXFileReference; fileEncoding = 4; lastKnownFileType = sourcecode.c.h; path = SIAWeakReference.h; sourceTree = "<group>"; };
		A3CFB36918E15D14005F2302 /* SIAWeakReference.m */ = {isa = PBXFileReference; fileEncoding = 4; lastKnownFileType = sourcecode.c.objc; path = SIAWeakReference.m; sourceTree = "<group>"; };
		A3CFB36A18E15D14005F2302 /* UIColor+SIATools.h */ = {isa = PBXFileReference; fileEncoding = 4; lastKnownFileType = sourcecode.c.h; path = "UIColor+SIATools.h"; sourceTree = "<group>"; };
		A3CFB36B18E15D14005F2302 /* UIColor+SIATools.m */ = {isa = PBXFileReference; fileEncoding = 4; lastKnownFileType = sourcecode.c.objc; path = "UIColor+SIATools.m"; sourceTree = "<group>"; };
		A3CFB36C18E15D14005F2302 /* UIImage+SIATools.h */ = {isa = PBXFileReference; fileEncoding = 4; lastKnownFileType = sourcecode.c.h; path = "UIImage+SIATools.h"; sourceTree = "<group>"; };
		A3CFB36D18E15D14005F2302 /* UIImage+SIATools.m */ = {isa = PBXFileReference; fileEncoding = 4; lastKnownFileType = sourcecode.c.objc; path = "UIImage+SIATools.m"; sourceTree = "<group>"; };
		A3CFB36E18E15D14005F2302 /* UIView+SIATools.h */ = {isa = PBXFileReference; fileEncoding = 4; lastKnownFileType = sourcecode.c.h; path = "UIView+SIATools.h"; sourceTree = "<group>"; };
		A3CFB36F18E15D14005F2302 /* UIView+SIATools.m */ = {isa = PBXFileReference; fileEncoding = 4; lastKnownFileType = sourcecode.c.objc; path = "UIView+SIATools.m"; sourceTree = "<group>"; };
		A3CFB37118E15D14005F2302 /* SIABaseOperation.h */ = {isa = PBXFileReference; fileEncoding = 4; lastKnownFileType = sourcecode.c.h; path = SIABaseOperation.h; sourceTree = "<group>"; };
		A3CFB37218E15D14005F2302 /* SIABaseOperation.m */ = {isa = PBXFileReference; fileEncoding = 4; lastKnownFileType = sourcecode.c.objc; path = SIABaseOperation.m; sourceTree = "<group>"; };
		A3CFB37318E15D14005F2302 /* SIABlockOperation.h */ = {isa = PBXFileReference; fileEncoding = 4; lastKnownFileType = sourcecode.c.h; path = SIABlockOperation.h; sourceTree = "<group>"; };
		A3CFB37418E15D14005F2302 /* SIABlockOperation.m */ = {isa = PBXFileReference; fileEncoding = 4; lastKnownFileType = sourcecode.c.objc; path = SIABlockOperation.m; sourceTree = "<group>"; };
		A3CFB37518E15D14005F2302 /* SIAConnectionOperation.h */ = {isa = PBXFileReference; fileEncoding = 4; lastKnownFileType = sourcecode.c.h; path = SIAConnectionOperation.h; sourceTree = "<group>"; };
		A3CFB37618E15D14005F2302 /* SIAConnectionOperation.m */ = {isa = PBXFileReference; fileEncoding = 4; lastKnownFileType = sourcecode.c.objc; path = SIAConnectionOperation.m; sourceTree = "<group>"; };
		A3CFB37718E15D14005F2302 /* SIAOperation.h */ = {isa = PBXFileReference; fileEncoding = 4; lastKnownFileType = sourcecode.c.h; path = SIAOperation.h; sourceTree = "<group>"; };
		A3CFB37818E15D14005F2302 /* SIAOperationQueue.h */ = {isa = PBXFileReference; fileEncoding = 4; lastKnownFileType = sourcecode.c.h; path = SIAOperationQueue.h; sourceTree = "<group>"; };
		A3CFB37918E15D14005F2302 /* SIAOperationQueue.m */ = {isa = PBXFileReference; fileEncoding = 4; lastKnownFileType = sourcecode.c.objc; path = SIAOperationQueue.m; sourceTree = "<group>"; };
		A3CFB37A18E15D14005F2302 /* SIATools.h */ = {isa = PBXFileReference; fileEncoding = 4; lastKnownFileType = sourcecode.c.h; path = SIATools.h; sourceTree = "<group>"; };
		A3CFB37C18E15D14005F2302 /* SIAOverlayView.h */ = {isa = PBXFileReference; fileEncoding = 4; lastKnownFileType = sourcecode.c.h; path = SIAOverlayView.h; sourceTree = "<group>"; };
		A3CFB37D18E15D14005F2302 /* SIAOverlayView.m */ = {isa = PBXFileReference; fileEncoding = 4; lastKnownFileType = sourcecode.c.objc; path = SIAOverlayView.m; sourceTree = "<group>"; };
		A3CFB37E18E15D14005F2302 /* SIAPageView.h */ = {isa = PBXFileReference; fileEncoding = 4; lastKnownFileType = sourcecode.c.h; path = SIAPageView.h; sourceTree = "<group>"; };
		A3CFB37F18E15D14005F2302 /* SIAPageView.m */ = {isa = PBXFileReference; fileEncoding = 4; lastKnownFileType = sourcecode.c.objc; path = SIAPageView.m; sourceTree = "<group>"; };
		A3CFB38018E15D14005F2302 /* SIAUI.h */ = {isa = PBXFileReference; fileEncoding = 4; lastKnownFileType = sourcecode.c.h; path = SIAUI.h; sourceTree = "<group>"; };
		A3CFB3AE18E15D39005F2302 /* Default-568h@2x.png */ = {isa = PBXFileReference; lastKnownFileType = image.png; path = "Default-568h@2x.png"; sourceTree = "<group>"; };
		A3CFB3AF18E15D39005F2302 /* InfoPlist.strings */ = {isa = PBXFileReference; fileEncoding = 4; lastKnownFileType = text.plist.strings; path = InfoPlist.strings; sourceTree = "<group>"; };
		A3CFB3B018E15D39005F2302 /* main.m */ = {isa = PBXFileReference; fileEncoding = 4; lastKnownFileType = sourcecode.c.objc; path = main.m; sourceTree = "<group>"; };
		A3CFB3B118E15D39005F2302 /* MainStoryboard.storyboard */ = {isa = PBXFileReference; fileEncoding = 4; lastKnownFileType = file.storyboard; path = MainStoryboard.storyboard; sourceTree = "<group>"; };
		A3CFB3B218E15D39005F2302 /* SIAAppDelegate.h */ = {isa = PBXFileReference; fileEncoding = 4; lastKnownFileType = sourcecode.c.h; path = SIAAppDelegate.h; sourceTree = "<group>"; };
		A3CFB3B318E15D39005F2302 /* SIAAppDelegate.m */ = {isa = PBXFileReference; fileEncoding = 4; lastKnownFileType = sourcecode.c.objc; path = SIAAppDelegate.m; sourceTree = "<group>"; };
		A3CFB3B518E15D39005F2302 /* SIAToolsDemo-Info.plist */ = {isa = PBXFileReference; fileEncoding = 4; lastKnownFileType = text.plist.xml; path = "SIAToolsDemo-Info.plist"; sourceTree = "<group>"; };
		A3CFB3B618E15D39005F2302 /* SIAToolsDemo-Prefix.pch */ = {isa = PBXFileReference; fileEncoding = 4; lastKnownFileType = sourcecode.c.h; path = "SIAToolsDemo-Prefix.pch"; sourceTree = "<group>"; };
		A3CFB3BA18E15D39005F2302 /* SIAViewController.h */ = {isa = PBXFileReference; fileEncoding = 4; lastKnownFileType = sourcecode.c.h; path = SIAViewController.h; sourceTree = "<group>"; };
		A3CFB3BB18E15D39005F2302 /* SIAViewController.m */ = {isa = PBXFileReference; fileEncoding = 4; lastKnownFileType = sourcecode.c.objc; path = SIAViewController.m; sourceTree = "<group>"; };
		A3CFB3BC18E15D39005F2302 /* TestClass.h */ = {isa = PBXFileReference; fileEncoding = 4; lastKnownFileType = sourcecode.c.h; path = TestClass.h; sourceTree = "<group>"; };
		A3CFB3BD18E15D39005F2302 /* TestClass.m */ = {isa = PBXFileReference; fileEncoding = 4; lastKnownFileType = sourcecode.c.objc; path = TestClass.m; sourceTree = "<group>"; };
		A3F2CF6D16B7CC3E0007822E /* Security.framework */ = {isa = PBXFileReference; lastKnownFileType = wrapper.framework; name = Security.framework; path = System/Library/Frameworks/Security.framework; sourceTree = SDKROOT; };
/* End PBXFileReference section */

/* Begin PBXFrameworksBuildPhase section */
		A3878402154955A500E16091 /* Frameworks */ = {
			isa = PBXFrameworksBuildPhase;
			buildActionMask = 2147483647;
			files = (
				A3F2CF6E16B7CC3E0007822E /* Security.framework in Frameworks */,
				A30DE98B161D63F0001B8934 /* QuartzCore.framework in Frameworks */,
				A3CB988F16142D8F005DDA9C /* SystemConfiguration.framework in Frameworks */,
				A387840A154955A500E16091 /* UIKit.framework in Frameworks */,
				A387840C154955A500E16091 /* Foundation.framework in Frameworks */,
				A387840E154955A500E16091 /* CoreGraphics.framework in Frameworks */,
			);
			runOnlyForDeploymentPostprocessing = 0;
		};
/* End PBXFrameworksBuildPhase section */

/* Begin PBXGroup section */
		A38783FA154955A500E16091 = {
			isa = PBXGroup;
			children = (
				A3CFB31F18E15D14005F2302 /* SIATools */,
				A3CFB3AD18E15D39005F2302 /* SIAToolsDemo */,
				A3878408154955A500E16091 /* Frameworks */,
				A3878406154955A500E16091 /* Products */,
			);
			sourceTree = "<group>";
		};
		A3878406154955A500E16091 /* Products */ = {
			isa = PBXGroup;
			children = (
				A3878405154955A500E16091 /* SIAToolsDemo.app */,
			);
			name = Products;
			sourceTree = "<group>";
		};
		A3878408154955A500E16091 /* Frameworks */ = {
			isa = PBXGroup;
			children = (
				A3F2CF6D16B7CC3E0007822E /* Security.framework */,
				A30DE98A161D63F0001B8934 /* QuartzCore.framework */,
				A3CB988E16142D8F005DDA9C /* SystemConfiguration.framework */,
				A3878409154955A500E16091 /* UIKit.framework */,
				A387840B154955A500E16091 /* Foundation.framework */,
				A387840D154955A500E16091 /* CoreGraphics.framework */,
			);
			name = Frameworks;
			sourceTree = "<group>";
		};
		A3CFB31F18E15D14005F2302 /* SIATools */ = {
			isa = PBXGroup;
			children = (
				A3CFB37A18E15D14005F2302 /* SIATools.h */,
				A3CFB32018E15D14005F2302 /* Blocks */,
				A3CFB33E18E15D14005F2302 /* Extensions */,
				A3CFB37018E15D14005F2302 /* Operation */,
				A3CFB37B18E15D14005F2302 /* UI */,
			);
			name = SIATools;
			path = ../SIATools;
			sourceTree = "<group>";
		};
		A3CFB32018E15D14005F2302 /* Blocks */ = {
			isa = PBXGroup;
			children = (
				A3CFB32118E15D14005F2302 /* SIABlockAction.h */,
				A3CFB32218E15D14005F2302 /* SIABlockAction.m */,
				A3CFB32318E15D14005F2302 /* SIABlockProtocol.h */,
				A3CFB32418E15D14005F2302 /* SIABlockProtocol.m */,
				A3CFB32518E15D14005F2302 /* SIABlocks.h */,
				A3CFB32618E15D14005F2302 /* SIAControlAction.h */,
				A3CFB32718E15D14005F2302 /* SIAControlAction.m */,
				A3CFB32818E15D14005F2302 /* SIAExpandableObject.h */,
				A3CFB32918E15D14005F2302 /* SIAExpandableObject.m */,
				A3CFB32A18E15D14005F2302 /* SIAGestureAction.h */,
				A3CFB32B18E15D14005F2302 /* SIAGestureAction.m */,
				A3CFB32C18E15D14005F2302 /* SIAObserverAction.h */,
				A3CFB32D18E15D14005F2302 /* SIAObserverAction.m */,
				A3CFB32E18E15D14005F2302 /* SIATimerAction.h */,
				A3CFB32F18E15D14005F2302 /* SIATimerAction.m */,
				A3CFB33018E15D14005F2302 /* UIActionSheet+SIABlocks.h */,
				A3CFB33118E15D14005F2302 /* UIActionSheet+SIABlocks.m */,
				A3CFB33218E15D14005F2302 /* UIAlertView+SIABlocks.h */,
				A3CFB33318E15D14005F2302 /* UIAlertView+SIABlocks.m */,
				A3CFB33418E15D14005F2302 /* UINavigationBar+SIABlocks.h */,
				A3CFB33518E15D14005F2302 /* UINavigationBar+SIABlocks.m */,
				A3CFB33618E15D14005F2302 /* UIPickerView+SIABlocks.h */,
				A3CFB33718E15D14005F2302 /* UIPickerView+SIABlocks.m */,
				A3CFB33818E15D14005F2302 /* UISearchBar+SIABlocks.h */,
				A3CFB33918E15D14005F2302 /* UISearchBar+SIABlocks.m */,
				A3CFB33A18E15D14005F2302 /* UITextField+SIABlocks.h */,
				A3CFB33B18E15D14005F2302 /* UITextField+SIABlocks.m */,
				A3CFB33C18E15D14005F2302 /* UIToolbar+SIABlocks.h */,
				A3CFB33D18E15D14005F2302 /* UIToolbar+SIABlocks.m */,
			);
			path = Blocks;
			sourceTree = "<group>";
		};
		A3CFB33E18E15D14005F2302 /* Extensions */ = {
			isa = PBXGroup;
			children = (
				A3CFB33F18E15D14005F2302 /* NSArray+SIATools.h */,
				A3CFB34018E15D14005F2302 /* NSArray+SIATools.m */,
				A3CFB34118E15D14005F2302 /* NSBundle+SIATools.h */,
				A3CFB34218E15D14005F2302 /* NSBundle+SIATools.m */,
				A3CFB34318E15D14005F2302 /* NSCoder+SIATools.h */,
				A3CFB34418E15D14005F2302 /* NSCoder+SIATools.m */,
				A3CFB34518E15D14005F2302 /* NSData+SIATools.h */,
				A3CFB34618E15D14005F2302 /* NSData+SIATools.m */,
				A3CFB34718E15D14005F2302 /* NSDate+SIATools.h */,
				A3CFB34818E15D14005F2302 /* NSDate+SIATools.m */,
				A3CFB34918E15D14005F2302 /* NSDateFormatter+SIATools.h */,
				A3CFB34A18E15D14005F2302 /* NSDateFormatter+SIATools.m */,
				A3CFB34B18E15D14005F2302 /* NSEnumerator+SIATools.h */,
				A3CFB34C18E15D14005F2302 /* NSEnumerator+SIATools.m */,
				A3CFB34D18E15D14005F2302 /* NSObject+SIATools.h */,
				A3CFB34E18E15D14005F2302 /* NSObject+SIATools.m */,
				A3CFB34F18E15D14005F2302 /* NSStream+SIATools.h */,
				A3CFB35018E15D14005F2302 /* NSStream+SIATools.m */,
				A3CFB35118E15D14005F2302 /* NSString+SIAHalfwidth.h */,
				A3CFB35218E15D14005F2302 /* NSString+SIAHalfwidth.m */,
				A3CFB35318E15D14005F2302 /* NSString+SIATools.h */,
				A3CFB35418E15D14005F2302 /* NSString+SIATools.m */,
				A3CFB35518E15D14005F2302 /* NSURL+SIATools.h */,
				A3CFB35618E15D14005F2302 /* NSURL+SIATools.m */,
				A3CFB35718E15D14005F2302 /* SIABase64.h */,
				A3CFB35818E15D14005F2302 /* SIABase64.m */,
				A3CFB35918E15D14005F2302 /* SIADescriptionBuilder.h */,
				A3CFB35A18E15D14005F2302 /* SIADescriptionBuilder.m */,
				A3CFB35B18E15D14005F2302 /* SIAExtensions.h */,
				A3CFB35C18E15D14005F2302 /* SIAGeometry.h */,
				A3CFB35D18E15D14005F2302 /* SIAGeometry.m */,
				A3CFB35E18E15D14005F2302 /* SIAHash.h */,
				A3CFB35F18E15D14005F2302 /* SIAHash.m */,
				A3CFB36018E15D14005F2302 /* SIAID.h */,
				A3CFB36118E15D14005F2302 /* SIAID.m */,
				A3CFB36218E15D14005F2302 /* SIAKeyboardAdjuster.h */,
				A3CFB36318E15D14005F2302 /* SIAKeyboardAdjuster.m */,
				A3CFB36418E15D14005F2302 /* SIALogger.h */,
				A3CFB36518E15D14005F2302 /* SIALogger.m */,
				A3CFB36618E15D14005F2302 /* SIAPathTools.h */,
				A3CFB36718E15D14005F2302 /* SIAPathTools.m */,
				A3CFB36818E15D14005F2302 /* SIAWeakReference.h */,
				A3CFB36918E15D14005F2302 /* SIAWeakReference.m */,
				A3CFB36A18E15D14005F2302 /* UIColor+SIATools.h */,
				A3CFB36B18E15D14005F2302 /* UIColor+SIATools.m */,
				A3CFB36C18E15D14005F2302 /* UIImage+SIATools.h */,
				A3CFB36D18E15D14005F2302 /* UIImage+SIATools.m */,
				A3CFB36E18E15D14005F2302 /* UIView+SIATools.h */,
				A3CFB36F18E15D14005F2302 /* UIView+SIATools.m */,
			);
			path = Extensions;
			sourceTree = "<group>";
		};
		A3CFB37018E15D14005F2302 /* Operation */ = {
			isa = PBXGroup;
			children = (
				A3CFB37118E15D14005F2302 /* SIABaseOperation.h */,
				A3CFB37218E15D14005F2302 /* SIABaseOperation.m */,
				A3CFB37318E15D14005F2302 /* SIABlockOperation.h */,
				A3CFB37418E15D14005F2302 /* SIABlockOperation.m */,
				A3CFB37518E15D14005F2302 /* SIAConnectionOperation.h */,
				A3CFB37618E15D14005F2302 /* SIAConnectionOperation.m */,
				A3CFB37718E15D14005F2302 /* SIAOperation.h */,
				A3CFB37818E15D14005F2302 /* SIAOperationQueue.h */,
				A3CFB37918E15D14005F2302 /* SIAOperationQueue.m */,
			);
			path = Operation;
			sourceTree = "<group>";
		};
		A3CFB37B18E15D14005F2302 /* UI */ = {
			isa = PBXGroup;
			children = (
				A3CFB37C18E15D14005F2302 /* SIAOverlayView.h */,
				A3CFB37D18E15D14005F2302 /* SIAOverlayView.m */,
				A3CFB37E18E15D14005F2302 /* SIAPageView.h */,
				A3CFB37F18E15D14005F2302 /* SIAPageView.m */,
				A3CFB38018E15D14005F2302 /* SIAUI.h */,
			);
			path = UI;
			sourceTree = "<group>";
		};
		A3CFB3AD18E15D39005F2302 /* SIAToolsDemo */ = {
			isa = PBXGroup;
			children = (
				A3CFB3B118E15D39005F2302 /* MainStoryboard.storyboard */,
				A3CFB3B218E15D39005F2302 /* SIAAppDelegate.h */,
				A3CFB3B318E15D39005F2302 /* SIAAppDelegate.m */,
				A3CFB3BA18E15D39005F2302 /* SIAViewController.h */,
				A3CFB3BB18E15D39005F2302 /* SIAViewController.m */,
				A3CFB3BC18E15D39005F2302 /* TestClass.h */,
				A3CFB3BD18E15D39005F2302 /* TestClass.m */,
				A3CFB3C718E15D5D005F2302 /* Supporting Files */,
			);
			name = SIAToolsDemo;
			sourceTree = "<group>";
		};
		A3CFB3C718E15D5D005F2302 /* Supporting Files */ = {
			isa = PBXGroup;
			children = (
				A3CFB3AE18E15D39005F2302 /* Default-568h@2x.png */,
				A3CFB3AF18E15D39005F2302 /* InfoPlist.strings */,
				A3CFB3B018E15D39005F2302 /* main.m */,
				A3CFB3B518E15D39005F2302 /* SIAToolsDemo-Info.plist */,
				A3CFB3B618E15D39005F2302 /* SIAToolsDemo-Prefix.pch */,
			);
			name = "Supporting Files";
			sourceTree = "<group>";
		};
/* End PBXGroup section */

/* Begin PBXNativeTarget section */
		A3878404154955A500E16091 /* SIAToolsDemo */ = {
			isa = PBXNativeTarget;
			buildConfigurationList = A3878423154955A600E16091 /* Build configuration list for PBXNativeTarget "SIAToolsDemo" */;
			buildPhases = (
				A3878401154955A500E16091 /* Sources */,
				A3878402154955A500E16091 /* Frameworks */,
				A3878403154955A500E16091 /* Resources */,
			);
			buildRules = (
			);
			dependencies = (
			);
			name = SIAToolsDemo;
			productName = SITools;
			productReference = A3878405154955A500E16091 /* SIAToolsDemo.app */;
			productType = "com.apple.product-type.application";
		};
/* End PBXNativeTarget section */

/* Begin PBXProject section */
		A38783FC154955A500E16091 /* Project object */ = {
			isa = PBXProject;
			attributes = {
				CLASSPREFIX = SIA;
				LastUpgradeCheck = 0460;
				ORGANIZATIONNAME = "SI Agency Inc";
			};
			buildConfigurationList = A38783FF154955A500E16091 /* Build configuration list for PBXProject "SIAToolsDemo" */;
			compatibilityVersion = "Xcode 3.2";
			developmentRegion = English;
			hasScannedForEncodings = 0;
			knownRegions = (
				en,
			);
			mainGroup = A38783FA154955A500E16091;
			productRefGroup = A3878406154955A500E16091 /* Products */;
			projectDirPath = "";
			projectRoot = "";
			targets = (
				A3878404154955A500E16091 /* SIAToolsDemo */,
			);
		};
/* End PBXProject section */

/* Begin PBXResourcesBuildPhase section */
		A3878403154955A500E16091 /* Resources */ = {
			isa = PBXResourcesBuildPhase;
			buildActionMask = 2147483647;
			files = (
				A3CFB3C118E15D39005F2302 /* MainStoryboard.storyboard in Resources */,
				A3CFB3BE18E15D39005F2302 /* Default-568h@2x.png in Resources */,
				A3CFB3C418E15D39005F2302 /* SIAToolsDemo-Info.plist in Resources */,
				A3CFB3BF18E15D39005F2302 /* InfoPlist.strings in Resources */,
			);
			runOnlyForDeploymentPostprocessing = 0;
		};
/* End PBXResourcesBuildPhase section */

/* Begin PBXSourcesBuildPhase section */
		A3878401154955A500E16091 /* Sources */ = {
			isa = PBXSourcesBuildPhase;
			buildActionMask = 2147483647;
			files = (
				A3CFB39818E15D14005F2302 /* NSString+SIAHalfwidth.m in Sources */,
				A3CFB38B18E15D14005F2302 /* UIPickerView+SIABlocks.m in Sources */,
				A3CFB39D18E15D14005F2302 /* SIAGeometry.m in Sources */,
				A3CFB39C18E15D14005F2302 /* SIADescriptionBuilder.m in Sources */,
				A3CFB3C018E15D39005F2302 /* main.m in Sources */,
				A3CFB3A318E15D14005F2302 /* SIAWeakReference.m in Sources */,
				A3CFB39B18E15D14005F2302 /* SIABase64.m in Sources */,
				A3CFB38618E15D14005F2302 /* SIAObserverAction.m in Sources */,
				A3CFB3AB18E15D14005F2302 /* SIAOverlayView.m in Sources */,
				A3CFB3A918E15D14005F2302 /* SIAConnectionOperation.m in Sources */,
				A3CFB3A618E15D14005F2302 /* UIView+SIATools.m in Sources */,
				A3CFB3A718E15D14005F2302 /* SIABaseOperation.m in Sources */,
				A3CFB39E18E15D14005F2302 /* SIAHash.m in Sources */,
				A3CFB38118E15D14005F2302 /* SIABlockAction.m in Sources */,
				A3CFB38518E15D14005F2302 /* SIAGestureAction.m in Sources */,
				A3CFB3C518E15D39005F2302 /* SIAViewController.m in Sources */,
				A3CFB38418E15D14005F2302 /* SIAExpandableObject.m in Sources */,
				A3CFB38718E15D14005F2302 /* SIATimerAction.m in Sources */,
				A3CFB3A518E15D14005F2302 /* UIImage+SIATools.m in Sources */,
				A3CFB38A18E15D14005F2302 /* UINavigationBar+SIABlocks.m in Sources */,
				A3CFB39118E15D14005F2302 /* NSCoder+SIATools.m in Sources */,
				A3CFB3C218E15D39005F2302 /* SIAAppDelegate.m in Sources */,
				A3CFB39518E15D14005F2302 /* NSEnumerator+SIATools.m in Sources */,
				A3CFB38D18E15D14005F2302 /* UITextField+SIABlocks.m in Sources */,
				A3CFB39318E15D14005F2302 /* NSDate+SIATools.m in Sources */,
				A3CFB38318E15D14005F2302 /* SIAControlAction.m in Sources */,
				A3CFB38918E15D14005F2302 /* UIAlertView+SIABlocks.m in Sources */,
				A3CFB38218E15D14005F2302 /* SIABlockProtocol.m in Sources */,
				A3CFB38F18E15D14005F2302 /* NSArray+SIATools.m in Sources */,
				A3CFB38E18E15D14005F2302 /* UIToolbar+SIABlocks.m in Sources */,
				A3CFB39718E15D14005F2302 /* NSStream+SIATools.m in Sources */,
				A3CFB39018E15D14005F2302 /* NSBundle+SIATools.m in Sources */,
				A3CFB39218E15D14005F2302 /* NSData+SIATools.m in Sources */,
				A3CFB3A818E15D14005F2302 /* SIABlockOperation.m in Sources */,
				A3CFB39418E15D14005F2302 /* NSDateFormatter+SIATools.m in Sources */,
				A3CFB39A18E15D14005F2302 /* NSURL+SIATools.m in Sources */,
				A3CFB3C618E15D39005F2302 /* TestClass.m in Sources */,
				A3CFB3A418E15D14005F2302 /* UIColor+SIATools.m in Sources */,
				A3CFB3AC18E15D14005F2302 /* SIAPageView.m in Sources */,
				A3CFB39F18E15D14005F2302 /* SIAID.m in Sources */,
				A3CFB3AA18E15D14005F2302 /* SIAOperationQueue.m in Sources */,
				A3CFB39618E15D14005F2302 /* NSObject+SIATools.m in Sources */,
				A3CFB3A218E15D14005F2302 /* SIAPathTools.m in Sources */,
				A3CFB3A018E15D14005F2302 /* SIAKeyboardAdjuster.m in Sources */,
				A3CFB38C18E15D14005F2302 /* UISearchBar+SIABlocks.m in Sources */,
				A3CFB3A118E15D14005F2302 /* SIALogger.m in Sources */,
				A3CFB38818E15D14005F2302 /* UIActionSheet+SIABlocks.m in Sources */,
				A3CFB39918E15D14005F2302 /* NSString+SIATools.m in Sources */,
			);
			runOnlyForDeploymentPostprocessing = 0;
		};
/* End PBXSourcesBuildPhase section */

/* Begin XCBuildConfiguration section */
		A3878421154955A600E16091 /* Debug */ = {
			isa = XCBuildConfiguration;
			buildSettings = {
				ALWAYS_SEARCH_USER_PATHS = NO;
				ARCHS = "$(ARCHS_STANDARD)";
				CLANG_ENABLE_OBJC_ARC = YES;
				CLANG_WARN_CONSTANT_CONVERSION = YES;
				CLANG_WARN_ENUM_CONVERSION = YES;
				CLANG_WARN_INT_CONVERSION = YES;
				CLANG_WARN__DUPLICATE_METHOD_MATCH = YES;
				"CODE_SIGN_IDENTITY[sdk=iphoneos*]" = "iPhone Developer";
				COPY_PHASE_STRIP = NO;
				GCC_DYNAMIC_NO_PIC = NO;
				GCC_OPTIMIZATION_LEVEL = 0;
				GCC_PREPROCESSOR_DEFINITIONS = (
					"DEBUG=1",
					"$(inherited)",
					"SIALOGGER_LEVEL=9",
				);
				GCC_SYMBOLS_PRIVATE_EXTERN = NO;
				GCC_VERSION = com.apple.compilers.llvm.clang.1_0;
				GCC_WARN_ABOUT_RETURN_TYPE = YES;
				GCC_WARN_PEDANTIC = NO;
				GCC_WARN_UNINITIALIZED_AUTOS = YES;
				GCC_WARN_UNUSED_VARIABLE = YES;
				IPHONEOS_DEPLOYMENT_TARGET = 5.1.1;
				SDKROOT = iphoneos;
			};
			name = Debug;
		};
		A3878422154955A600E16091 /* Release */ = {
			isa = XCBuildConfiguration;
			buildSettings = {
				ALWAYS_SEARCH_USER_PATHS = NO;
				ARCHS = "$(ARCHS_STANDARD)";
				CLANG_ENABLE_OBJC_ARC = YES;
				CLANG_WARN_CONSTANT_CONVERSION = YES;
				CLANG_WARN_ENUM_CONVERSION = YES;
				CLANG_WARN_INT_CONVERSION = YES;
				CLANG_WARN__DUPLICATE_METHOD_MATCH = YES;
				"CODE_SIGN_IDENTITY[sdk=iphoneos*]" = "iPhone Developer";
				COPY_PHASE_STRIP = YES;
				GCC_PREPROCESSOR_DEFINITIONS = "SIALOGGER_LEVEL=5";
				GCC_VERSION = com.apple.compilers.llvm.clang.1_0;
				GCC_WARN_ABOUT_RETURN_TYPE = YES;
				GCC_WARN_PEDANTIC = NO;
				GCC_WARN_UNINITIALIZED_AUTOS = YES;
				GCC_WARN_UNUSED_VARIABLE = YES;
				IPHONEOS_DEPLOYMENT_TARGET = 5.1.1;
				OTHER_CFLAGS = "-DNS_BLOCK_ASSERTIONS=1";
				SDKROOT = iphoneos;
				VALIDATE_PRODUCT = YES;
			};
			name = Release;
		};
		A3878424154955A600E16091 /* Debug */ = {
			isa = XCBuildConfiguration;
			buildSettings = {
				GCC_PRECOMPILE_PREFIX_HEADER = YES;
				GCC_PREFIX_HEADER = "SIAToolsDemo-Prefix.pch";
				INFOPLIST_FILE = "$(SRCROOT)/SIAToolsDemo-Info.plist";
				PRODUCT_NAME = SIAToolsDemo;
				WRAPPER_EXTENSION = app;
			};
			name = Debug;
		};
		A3878425154955A600E16091 /* Release */ = {
			isa = XCBuildConfiguration;
			buildSettings = {
				GCC_PRECOMPILE_PREFIX_HEADER = YES;
				GCC_PREFIX_HEADER = "SIAToolsDemo-Prefix.pch";
				INFOPLIST_FILE = "$(SRCROOT)/SIAToolsDemo-Info.plist";
				PRODUCT_NAME = SIAToolsDemo;
				WRAPPER_EXTENSION = app;
			};
			name = Release;
		};
/* End XCBuildConfiguration section */

/* Begin XCConfigurationList section */
		A38783FF154955A500E16091 /* Build configuration list for PBXProject "SIAToolsDemo" */ = {
			isa = XCConfigurationList;
			buildConfigurations = (
				A3878421154955A600E16091 /* Debug */,
				A3878422154955A600E16091 /* Release */,
			);
			defaultConfigurationIsVisible = 0;
			defaultConfigurationName = Release;
		};
		A3878423154955A600E16091 /* Build configuration list for PBXNativeTarget "SIAToolsDemo" */ = {
			isa = XCConfigurationList;
			buildConfigurations = (
				A3878424154955A600E16091 /* Debug */,
				A3878425154955A600E16091 /* Release */,
			);
			defaultConfigurationIsVisible = 0;
			defaultConfigurationName = Release;
		};
/* End XCConfigurationList section */
	};
	rootObject = A38783FC154955A500E16091 /* Project object */;
}
